// !$*UTF8*$!
{
	archiveVersion = 1;
	classes = {
	};
	objectVersion = 46;
	objects = {

/* Begin PBXBuildFile section */
		CB07F7481F2F86B900FF5AFC /* UIColor+Addition.m in Sources */ = {isa = PBXBuildFile; fileRef = CB07F7451F2F86B900FF5AFC /* UIColor+Addition.m */; };
		CB07F7491F2F86B900FF5AFC /* UILabel+Addition.m in Sources */ = {isa = PBXBuildFile; fileRef = CB07F7471F2F86B900FF5AFC /* UILabel+Addition.m */; };
		CB07F7521F2F8BAF00FF5AFC /* YTShopCommentController.m in Sources */ = {isa = PBXBuildFile; fileRef = CB07F7511F2F8BAF00FF5AFC /* YTShopCommentController.m */; };
		CB07F7551F2F8BC700FF5AFC /* YTShopInfoController.m in Sources */ = {isa = PBXBuildFile; fileRef = CB07F7541F2F8BC700FF5AFC /* YTShopInfoController.m */; };
		CB07F75B1F30259900FF5AFC /* YTShopController.m in Sources */ = {isa = PBXBuildFile; fileRef = CB07F7581F30259900FF5AFC /* YTShopController.m */; };
		CB07F75E1F3025D400FF5AFC /* YTShopView.m in Sources */ = {isa = PBXBuildFile; fileRef = CB07F75D1F3025D400FF5AFC /* YTShopView.m */; };
		CB07F7601F3054A400FF5AFC /* food.json in Resources */ = {isa = PBXBuildFile; fileRef = CB07F75F1F3054A400FF5AFC /* food.json */; };
		CB07F7631F3059D100FF5AFC /* YTShopPoi_infoModel.m in Sources */ = {isa = PBXBuildFile; fileRef = CB07F7621F3059D100FF5AFC /* YTShopPoi_infoModel.m */; };
		CB1A48071F370A15007DD6FC /* ShopCar.xib in Resources */ = {isa = PBXBuildFile; fileRef = CB1A48061F370A15007DD6FC /* ShopCar.xib */; };
		CB1A480A1F370E46007DD6FC /* YTShopCar.m in Sources */ = {isa = PBXBuildFile; fileRef = CB1A48091F370E46007DD6FC /* YTShopCar.m */; };
		CB1A480D1F37121B007DD6FC /* YTShopCarModel.m in Sources */ = {isa = PBXBuildFile; fileRef = CB1A480C1F37121B007DD6FC /* YTShopCarModel.m */; };
		CB1A48121F371307007DD6FC /* countView.xib in Resources */ = {isa = PBXBuildFile; fileRef = CB1A480F1F371307007DD6FC /* countView.xib */; };
		CB1A48131F371307007DD6FC /* YTCountView.m in Sources */ = {isa = PBXBuildFile; fileRef = CB1A48111F371307007DD6FC /* YTCountView.m */; };
		CB29BBBC1F33E37000F01E3B /* YTTableViewHeaderFooterView.m in Sources */ = {isa = PBXBuildFile; fileRef = CB29BBBB1F33E37000F01E3B /* YTTableViewHeaderFooterView.m */; };
		CB29BBC31F33EC1C00F01E3B /* YTShopOrderFoodCell.m in Sources */ = {isa = PBXBuildFile; fileRef = CB29BBC11F33EC1C00F01E3B /* YTShopOrderFoodCell.m */; };
		CB29BBC41F33EC1C00F01E3B /* YTShopOrderFoodCell.xib in Resources */ = {isa = PBXBuildFile; fileRef = CB29BBC21F33EC1C00F01E3B /* YTShopOrderFoodCell.xib */; };
		CB354F2D1F32BD0A000229D1 /* YTShopDetailTransitonDelegate.m in Sources */ = {isa = PBXBuildFile; fileRef = CB354F2C1F32BD0A000229D1 /* YTShopDetailTransitonDelegate.m */; };
		CB354F331F32FADD000229D1 /* YTShopOrderController.m in Sources */ = {isa = PBXBuildFile; fileRef = CB354F301F32FADD000229D1 /* YTShopOrderController.m */; };
		CB354F361F333590000229D1 /* YTShopOrderGategoryModel.m in Sources */ = {isa = PBXBuildFile; fileRef = CB354F351F333590000229D1 /* YTShopOrderGategoryModel.m */; };
		CB354F391F3335BC000229D1 /* YTShopOrderFoodModel.m in Sources */ = {isa = PBXBuildFile; fileRef = CB354F381F3335BC000229D1 /* YTShopOrderFoodModel.m */; };
		CB354F3C1F33529A000229D1 /* YTShopOrderGategoryCell.m in Sources */ = {isa = PBXBuildFile; fileRef = CB354F3B1F33529A000229D1 /* YTShopOrderGategoryCell.m */; };
		CB3D081C1F2DFD22006C51A0 /* main.m in Sources */ = {isa = PBXBuildFile; fileRef = CB3D081B1F2DFD22006C51A0 /* main.m */; };
		CB3D08271F2DFD22006C51A0 /* Assets.xcassets in Resources */ = {isa = PBXBuildFile; fileRef = CB3D08261F2DFD22006C51A0 /* Assets.xcassets */; };
		CB3D082A1F2DFD22006C51A0 /* LaunchScreen.storyboard in Resources */ = {isa = PBXBuildFile; fileRef = CB3D08281F2DFD22006C51A0 /* LaunchScreen.storyboard */; };
		CB3D08381F2E0832006C51A0 /* AppDelegate.m in Sources */ = {isa = PBXBuildFile; fileRef = CB3D08371F2E0832006C51A0 /* AppDelegate.m */; };
		CB3D088C1F2E0ACA006C51A0 /* AFHTTPSessionManager.m in Sources */ = {isa = PBXBuildFile; fileRef = CB3D083E1F2E0AC9006C51A0 /* AFHTTPSessionManager.m */; };
		CB3D088D1F2E0ACA006C51A0 /* AFNetworkReachabilityManager.m in Sources */ = {isa = PBXBuildFile; fileRef = CB3D08411F2E0AC9006C51A0 /* AFNetworkReachabilityManager.m */; };
		CB3D088E1F2E0ACA006C51A0 /* AFSecurityPolicy.m in Sources */ = {isa = PBXBuildFile; fileRef = CB3D08431F2E0AC9006C51A0 /* AFSecurityPolicy.m */; };
		CB3D088F1F2E0ACA006C51A0 /* AFURLRequestSerialization.m in Sources */ = {isa = PBXBuildFile; fileRef = CB3D08451F2E0ACA006C51A0 /* AFURLRequestSerialization.m */; };
		CB3D08901F2E0ACA006C51A0 /* AFURLResponseSerialization.m in Sources */ = {isa = PBXBuildFile; fileRef = CB3D08471F2E0ACA006C51A0 /* AFURLResponseSerialization.m */; };
		CB3D08911F2E0ACA006C51A0 /* AFURLSessionManager.m in Sources */ = {isa = PBXBuildFile; fileRef = CB3D08491F2E0ACA006C51A0 /* AFURLSessionManager.m */; };
		CB3D08921F2E0ACA006C51A0 /* MASCompositeConstraint.m in Sources */ = {isa = PBXBuildFile; fileRef = CB3D084C1F2E0ACA006C51A0 /* MASCompositeConstraint.m */; };
		CB3D08931F2E0ACA006C51A0 /* MASConstraint.m in Sources */ = {isa = PBXBuildFile; fileRef = CB3D084F1F2E0ACA006C51A0 /* MASConstraint.m */; };
		CB3D08941F2E0ACA006C51A0 /* MASConstraintMaker.m in Sources */ = {isa = PBXBuildFile; fileRef = CB3D08511F2E0ACA006C51A0 /* MASConstraintMaker.m */; };
		CB3D08951F2E0ACA006C51A0 /* MASLayoutConstraint.m in Sources */ = {isa = PBXBuildFile; fileRef = CB3D08531F2E0ACA006C51A0 /* MASLayoutConstraint.m */; };
		CB3D08961F2E0ACA006C51A0 /* MASViewAttribute.m in Sources */ = {isa = PBXBuildFile; fileRef = CB3D08571F2E0ACA006C51A0 /* MASViewAttribute.m */; };
		CB3D08971F2E0ACA006C51A0 /* MASViewConstraint.m in Sources */ = {isa = PBXBuildFile; fileRef = CB3D08591F2E0ACA006C51A0 /* MASViewConstraint.m */; };
		CB3D08981F2E0ACA006C51A0 /* NSArray+MASAdditions.m in Sources */ = {isa = PBXBuildFile; fileRef = CB3D085B1F2E0ACA006C51A0 /* NSArray+MASAdditions.m */; };
		CB3D08991F2E0ACA006C51A0 /* NSLayoutConstraint+MASDebugAdditions.m in Sources */ = {isa = PBXBuildFile; fileRef = CB3D085E1F2E0ACA006C51A0 /* NSLayoutConstraint+MASDebugAdditions.m */; };
		CB3D089A1F2E0ACA006C51A0 /* View+MASAdditions.m in Sources */ = {isa = PBXBuildFile; fileRef = CB3D08601F2E0ACA006C51A0 /* View+MASAdditions.m */; };
		CB3D089B1F2E0ACA006C51A0 /* ViewController+MASAdditions.m in Sources */ = {isa = PBXBuildFile; fileRef = CB3D08631F2E0ACA006C51A0 /* ViewController+MASAdditions.m */; };
		CB3D089C1F2E0ACA006C51A0 /* MKAnnotationView+WebCache.m in Sources */ = {isa = PBXBuildFile; fileRef = CB3D08661F2E0ACA006C51A0 /* MKAnnotationView+WebCache.m */; };
		CB3D089D1F2E0ACA006C51A0 /* NSData+ImageContentType.m in Sources */ = {isa = PBXBuildFile; fileRef = CB3D08681F2E0ACA006C51A0 /* NSData+ImageContentType.m */; };
		CB3D089E1F2E0ACA006C51A0 /* NSImage+WebCache.m in Sources */ = {isa = PBXBuildFile; fileRef = CB3D086A1F2E0ACA006C51A0 /* NSImage+WebCache.m */; };
		CB3D089F1F2E0ACA006C51A0 /* SDImageCache.m in Sources */ = {isa = PBXBuildFile; fileRef = CB3D086C1F2E0ACA006C51A0 /* SDImageCache.m */; };
		CB3D08A01F2E0ACA006C51A0 /* SDImageCacheConfig.m in Sources */ = {isa = PBXBuildFile; fileRef = CB3D086E1F2E0ACA006C51A0 /* SDImageCacheConfig.m */; };
		CB3D08A11F2E0ACA006C51A0 /* SDWebImageCompat.m in Sources */ = {isa = PBXBuildFile; fileRef = CB3D08701F2E0ACA006C51A0 /* SDWebImageCompat.m */; };
		CB3D08A21F2E0ACA006C51A0 /* SDWebImageDecoder.m in Sources */ = {isa = PBXBuildFile; fileRef = CB3D08721F2E0ACA006C51A0 /* SDWebImageDecoder.m */; };
		CB3D08A31F2E0ACA006C51A0 /* SDWebImageDownloader.m in Sources */ = {isa = PBXBuildFile; fileRef = CB3D08741F2E0ACA006C51A0 /* SDWebImageDownloader.m */; };
		CB3D08A41F2E0ACA006C51A0 /* SDWebImageDownloaderOperation.m in Sources */ = {isa = PBXBuildFile; fileRef = CB3D08761F2E0ACA006C51A0 /* SDWebImageDownloaderOperation.m */; };
		CB3D08A51F2E0ACA006C51A0 /* SDWebImageManager.m in Sources */ = {isa = PBXBuildFile; fileRef = CB3D08781F2E0ACA006C51A0 /* SDWebImageManager.m */; };
		CB3D08A61F2E0ACA006C51A0 /* SDWebImagePrefetcher.m in Sources */ = {isa = PBXBuildFile; fileRef = CB3D087B1F2E0ACA006C51A0 /* SDWebImagePrefetcher.m */; };
		CB3D08A71F2E0ACA006C51A0 /* UIButton+WebCache.m in Sources */ = {isa = PBXBuildFile; fileRef = CB3D087D1F2E0ACA006C51A0 /* UIButton+WebCache.m */; };
		CB3D08A81F2E0ACA006C51A0 /* UIImage+GIF.m in Sources */ = {isa = PBXBuildFile; fileRef = CB3D087F1F2E0ACA006C51A0 /* UIImage+GIF.m */; };
		CB3D08A91F2E0ACA006C51A0 /* UIImage+MultiFormat.m in Sources */ = {isa = PBXBuildFile; fileRef = CB3D08811F2E0ACA006C51A0 /* UIImage+MultiFormat.m */; };
		CB3D08AA1F2E0ACA006C51A0 /* UIImage+WebP.m in Sources */ = {isa = PBXBuildFile; fileRef = CB3D08831F2E0ACA006C51A0 /* UIImage+WebP.m */; };
		CB3D08AB1F2E0ACA006C51A0 /* UIImageView+HighlightedWebCache.m in Sources */ = {isa = PBXBuildFile; fileRef = CB3D08851F2E0ACA006C51A0 /* UIImageView+HighlightedWebCache.m */; };
		CB3D08AC1F2E0ACA006C51A0 /* UIImageView+WebCache.m in Sources */ = {isa = PBXBuildFile; fileRef = CB3D08871F2E0ACA006C51A0 /* UIImageView+WebCache.m */; };
		CB3D08AD1F2E0ACA006C51A0 /* UIView+WebCache.m in Sources */ = {isa = PBXBuildFile; fileRef = CB3D08891F2E0ACA006C51A0 /* UIView+WebCache.m */; };
		CB3D08AE1F2E0ACA006C51A0 /* UIView+WebCacheOperation.m in Sources */ = {isa = PBXBuildFile; fileRef = CB3D088B1F2E0ACA006C51A0 /* UIView+WebCacheOperation.m */; };
		CB3D08B91F2E1313006C51A0 /* YTNavigationController.m in Sources */ = {isa = PBXBuildFile; fileRef = CB3D08B81F2E1313006C51A0 /* YTNavigationController.m */; };
		CB3D08BC1F2E13CA006C51A0 /* YTBaseController.m in Sources */ = {isa = PBXBuildFile; fileRef = CB3D08BB1F2E13CA006C51A0 /* YTBaseController.m */; };
		CBAA4B3B1F2E355E00E23A49 /* YTNavigationBar.m in Sources */ = {isa = PBXBuildFile; fileRef = CBAA4B3A1F2E355E00E23A49 /* YTNavigationBar.m */; };
		CBBB3DEB1F3289E6002AE536 /* UIView+UIviewAddition.m in Sources */ = {isa = PBXBuildFile; fileRef = CBBB3DEA1F3289E6002AE536 /* UIView+UIviewAddition.m */; };
		CBBB3DF11F328F73002AE536 /* YTShopDetailController.m in Sources */ = {isa = PBXBuildFile; fileRef = CBBB3DEE1F328F73002AE536 /* YTShopDetailController.m */; };
		CBBC043B1F34CD6000EE821B /* YTFoodDetailController.m in Sources */ = {isa = PBXBuildFile; fileRef = CBBC04371F34CD6000EE821B /* YTFoodDetailController.m */; };
		CBBC043E1F34CE5500EE821B /* YTFoodDetailFlowLayout.m in Sources */ = {isa = PBXBuildFile; fileRef = CBBC043D1F34CE5500EE821B /* YTFoodDetailFlowLayout.m */; };
		CBBC04421F34D0DE00EE821B /* YTFoodDetailCell.m in Sources */ = {isa = PBXBuildFile; fileRef = CBBC04401F34D0DE00EE821B /* YTFoodDetailCell.m */; };
		CBBC04431F34D0DE00EE821B /* YTFoodDetailCell.xib in Resources */ = {isa = PBXBuildFile; fileRef = CBBC04411F34D0DE00EE821B /* YTFoodDetailCell.xib */; };
		CBCA715E1F3082A000DCA449 /* UIImage+DashLine.m in Sources */ = {isa = PBXBuildFile; fileRef = CBCA715D1F3082A000DCA449 /* UIImage+DashLine.m */; };
		CBCA71621F309BBD00DCA449 /* YTInfoModel.m in Sources */ = {isa = PBXBuildFile; fileRef = CBCA71611F309BBD00DCA449 /* YTInfoModel.m */; };
		CBCA71651F309CDA00DCA449 /* YTInfoView.m in Sources */ = {isa = PBXBuildFile; fileRef = CBCA71641F309CDA00DCA449 /* YTInfoView.m */; };
		CBCA71681F309D0D00DCA449 /* YTInfoLoopView.m in Sources */ = {isa = PBXBuildFile; fileRef = CBCA71671F309D0D00DCA449 /* YTInfoLoopView.m */; };
		CBED4A611F2EA4AB00A64134 /* NSObject+LinearFormula.m in Sources */ = {isa = PBXBuildFile; fileRef = CBED4A601F2EA4AB00A64134 /* NSObject+LinearFormula.m */; };
/* End PBXBuildFile section */

/* Begin PBXFileReference section */
		CB07F7441F2F86B900FF5AFC /* UIColor+Addition.h */ = {isa = PBXFileReference; fileEncoding = 4; lastKnownFileType = sourcecode.c.h; path = "UIColor+Addition.h"; sourceTree = "<group>"; };
		CB07F7451F2F86B900FF5AFC /* UIColor+Addition.m */ = {isa = PBXFileReference; fileEncoding = 4; lastKnownFileType = sourcecode.c.objc; path = "UIColor+Addition.m"; sourceTree = "<group>"; };
		CB07F7461F2F86B900FF5AFC /* UILabel+Addition.h */ = {isa = PBXFileReference; fileEncoding = 4; lastKnownFileType = sourcecode.c.h; path = "UILabel+Addition.h"; sourceTree = "<group>"; };
		CB07F7471F2F86B900FF5AFC /* UILabel+Addition.m */ = {isa = PBXFileReference; fileEncoding = 4; lastKnownFileType = sourcecode.c.objc; path = "UILabel+Addition.m"; sourceTree = "<group>"; };
		CB07F7501F2F8BAF00FF5AFC /* YTShopCommentController.h */ = {isa = PBXFileReference; fileEncoding = 4; lastKnownFileType = sourcecode.c.h; path = YTShopCommentController.h; sourceTree = "<group>"; };
		CB07F7511F2F8BAF00FF5AFC /* YTShopCommentController.m */ = {isa = PBXFileReference; fileEncoding = 4; lastKnownFileType = sourcecode.c.objc; path = YTShopCommentController.m; sourceTree = "<group>"; };
		CB07F7531F2F8BC700FF5AFC /* YTShopInfoController.h */ = {isa = PBXFileReference; fileEncoding = 4; lastKnownFileType = sourcecode.c.h; path = YTShopInfoController.h; sourceTree = "<group>"; };
		CB07F7541F2F8BC700FF5AFC /* YTShopInfoController.m */ = {isa = PBXFileReference; fileEncoding = 4; lastKnownFileType = sourcecode.c.objc; path = YTShopInfoController.m; sourceTree = "<group>"; };
		CB07F7571F30259900FF5AFC /* YTShopController.h */ = {isa = PBXFileReference; fileEncoding = 4; lastKnownFileType = sourcecode.c.h; path = YTShopController.h; sourceTree = "<group>"; };
		CB07F7581F30259900FF5AFC /* YTShopController.m */ = {isa = PBXFileReference; fileEncoding = 4; lastKnownFileType = sourcecode.c.objc; path = YTShopController.m; sourceTree = "<group>"; };
		CB07F75C1F3025D400FF5AFC /* YTShopView.h */ = {isa = PBXFileReference; fileEncoding = 4; lastKnownFileType = sourcecode.c.h; path = YTShopView.h; sourceTree = "<group>"; };
		CB07F75D1F3025D400FF5AFC /* YTShopView.m */ = {isa = PBXFileReference; fileEncoding = 4; lastKnownFileType = sourcecode.c.objc; path = YTShopView.m; sourceTree = "<group>"; };
		CB07F75F1F3054A400FF5AFC /* food.json */ = {isa = PBXFileReference; fileEncoding = 4; lastKnownFileType = text.json; path = food.json; sourceTree = "<group>"; };
		CB07F7611F3059D100FF5AFC /* YTShopPoi_infoModel.h */ = {isa = PBXFileReference; fileEncoding = 4; lastKnownFileType = sourcecode.c.h; path = YTShopPoi_infoModel.h; sourceTree = "<group>"; };
		CB07F7621F3059D100FF5AFC /* YTShopPoi_infoModel.m */ = {isa = PBXFileReference; fileEncoding = 4; lastKnownFileType = sourcecode.c.objc; path = YTShopPoi_infoModel.m; sourceTree = "<group>"; };
		CB07F7641F305DE100FF5AFC /* YTMeiTuanPrefixHeader.pch */ = {isa = PBXFileReference; lastKnownFileType = sourcecode.c.h; path = YTMeiTuanPrefixHeader.pch; sourceTree = "<group>"; };
		CB1A48061F370A15007DD6FC /* ShopCar.xib */ = {isa = PBXFileReference; fileEncoding = 4; lastKnownFileType = file.xib; path = ShopCar.xib; sourceTree = "<group>"; };
		CB1A48081F370E46007DD6FC /* YTShopCar.h */ = {isa = PBXFileReference; fileEncoding = 4; lastKnownFileType = sourcecode.c.h; path = YTShopCar.h; sourceTree = "<group>"; };
		CB1A48091F370E46007DD6FC /* YTShopCar.m */ = {isa = PBXFileReference; fileEncoding = 4; lastKnownFileType = sourcecode.c.objc; path = YTShopCar.m; sourceTree = "<group>"; };
		CB1A480B1F37121B007DD6FC /* YTShopCarModel.h */ = {isa = PBXFileReference; fileEncoding = 4; lastKnownFileType = sourcecode.c.h; path = YTShopCarModel.h; sourceTree = "<group>"; };
		CB1A480C1F37121B007DD6FC /* YTShopCarModel.m */ = {isa = PBXFileReference; fileEncoding = 4; lastKnownFileType = sourcecode.c.objc; path = YTShopCarModel.m; sourceTree = "<group>"; };
		CB1A480F1F371307007DD6FC /* countView.xib */ = {isa = PBXFileReference; fileEncoding = 4; lastKnownFileType = file.xib; path = countView.xib; sourceTree = "<group>"; };
		CB1A48101F371307007DD6FC /* YTCountView.h */ = {isa = PBXFileReference; fileEncoding = 4; lastKnownFileType = sourcecode.c.h; path = YTCountView.h; sourceTree = "<group>"; };
		CB1A48111F371307007DD6FC /* YTCountView.m */ = {isa = PBXFileReference; fileEncoding = 4; lastKnownFileType = sourcecode.c.objc; path = YTCountView.m; sourceTree = "<group>"; };
		CB29BBBA1F33E37000F01E3B /* YTTableViewHeaderFooterView.h */ = {isa = PBXFileReference; fileEncoding = 4; lastKnownFileType = sourcecode.c.h; path = YTTableViewHeaderFooterView.h; sourceTree = "<group>"; };
		CB29BBBB1F33E37000F01E3B /* YTTableViewHeaderFooterView.m */ = {isa = PBXFileReference; fileEncoding = 4; lastKnownFileType = sourcecode.c.objc; path = YTTableViewHeaderFooterView.m; sourceTree = "<group>"; };
		CB29BBC01F33EC1C00F01E3B /* YTShopOrderFoodCell.h */ = {isa = PBXFileReference; fileEncoding = 4; lastKnownFileType = sourcecode.c.h; name = YTShopOrderFoodCell.h; path = ../../../../YTShopOrderFoodCell.h; sourceTree = "<group>"; };
		CB29BBC11F33EC1C00F01E3B /* YTShopOrderFoodCell.m */ = {isa = PBXFileReference; fileEncoding = 4; lastKnownFileType = sourcecode.c.objc; name = YTShopOrderFoodCell.m; path = ../../../../YTShopOrderFoodCell.m; sourceTree = "<group>"; };
		CB29BBC21F33EC1C00F01E3B /* YTShopOrderFoodCell.xib */ = {isa = PBXFileReference; fileEncoding = 4; lastKnownFileType = file.xib; name = YTShopOrderFoodCell.xib; path = ../../../../YTShopOrderFoodCell.xib; sourceTree = "<group>"; };
		CB354F2B1F32BD0A000229D1 /* YTShopDetailTransitonDelegate.h */ = {isa = PBXFileReference; fileEncoding = 4; lastKnownFileType = sourcecode.c.h; path = YTShopDetailTransitonDelegate.h; sourceTree = "<group>"; };
		CB354F2C1F32BD0A000229D1 /* YTShopDetailTransitonDelegate.m */ = {isa = PBXFileReference; fileEncoding = 4; lastKnownFileType = sourcecode.c.objc; path = YTShopDetailTransitonDelegate.m; sourceTree = "<group>"; };
		CB354F2F1F32FADD000229D1 /* YTShopOrderController.h */ = {isa = PBXFileReference; fileEncoding = 4; lastKnownFileType = sourcecode.c.h; path = YTShopOrderController.h; sourceTree = "<group>"; };
		CB354F301F32FADD000229D1 /* YTShopOrderController.m */ = {isa = PBXFileReference; fileEncoding = 4; lastKnownFileType = sourcecode.c.objc; path = YTShopOrderController.m; sourceTree = "<group>"; };
		CB354F341F333590000229D1 /* YTShopOrderGategoryModel.h */ = {isa = PBXFileReference; fileEncoding = 4; lastKnownFileType = sourcecode.c.h; path = YTShopOrderGategoryModel.h; sourceTree = "<group>"; };
		CB354F351F333590000229D1 /* YTShopOrderGategoryModel.m */ = {isa = PBXFileReference; fileEncoding = 4; lastKnownFileType = sourcecode.c.objc; path = YTShopOrderGategoryModel.m; sourceTree = "<group>"; };
		CB354F371F3335BC000229D1 /* YTShopOrderFoodModel.h */ = {isa = PBXFileReference; fileEncoding = 4; lastKnownFileType = sourcecode.c.h; path = YTShopOrderFoodModel.h; sourceTree = "<group>"; };
		CB354F381F3335BC000229D1 /* YTShopOrderFoodModel.m */ = {isa = PBXFileReference; fileEncoding = 4; lastKnownFileType = sourcecode.c.objc; path = YTShopOrderFoodModel.m; sourceTree = "<group>"; };
		CB354F3A1F33529A000229D1 /* YTShopOrderGategoryCell.h */ = {isa = PBXFileReference; fileEncoding = 4; lastKnownFileType = sourcecode.c.h; path = YTShopOrderGategoryCell.h; sourceTree = "<group>"; };
		CB354F3B1F33529A000229D1 /* YTShopOrderGategoryCell.m */ = {isa = PBXFileReference; fileEncoding = 4; lastKnownFileType = sourcecode.c.objc; path = YTShopOrderGategoryCell.m; sourceTree = "<group>"; };
		CB3D08171F2DFD22006C51A0 /* meituan.app */ = {isa = PBXFileReference; explicitFileType = wrapper.application; includeInIndex = 0; path = meituan.app; sourceTree = BUILT_PRODUCTS_DIR; };
		CB3D081B1F2DFD22006C51A0 /* main.m */ = {isa = PBXFileReference; lastKnownFileType = sourcecode.c.objc; path = main.m; sourceTree = "<group>"; };
		CB3D08261F2DFD22006C51A0 /* Assets.xcassets */ = {isa = PBXFileReference; lastKnownFileType = folder.assetcatalog; path = Assets.xcassets; sourceTree = "<group>"; };
		CB3D08291F2DFD22006C51A0 /* Base */ = {isa = PBXFileReference; lastKnownFileType = file.storyboard; name = Base; path = Base.lproj/LaunchScreen.storyboard; sourceTree = "<group>"; };
		CB3D082B1F2DFD22006C51A0 /* Info.plist */ = {isa = PBXFileReference; lastKnownFileType = text.plist.xml; path = Info.plist; sourceTree = "<group>"; };
		CB3D08361F2E0832006C51A0 /* AppDelegate.h */ = {isa = PBXFileReference; fileEncoding = 4; lastKnownFileType = sourcecode.c.h; path = AppDelegate.h; sourceTree = "<group>"; };
		CB3D08371F2E0832006C51A0 /* AppDelegate.m */ = {isa = PBXFileReference; fileEncoding = 4; lastKnownFileType = sourcecode.c.objc; path = AppDelegate.m; sourceTree = "<group>"; };
		CB3D083D1F2E0AC9006C51A0 /* AFHTTPSessionManager.h */ = {isa = PBXFileReference; fileEncoding = 4; lastKnownFileType = sourcecode.c.h; path = AFHTTPSessionManager.h; sourceTree = "<group>"; };
		CB3D083E1F2E0AC9006C51A0 /* AFHTTPSessionManager.m */ = {isa = PBXFileReference; fileEncoding = 4; lastKnownFileType = sourcecode.c.objc; path = AFHTTPSessionManager.m; sourceTree = "<group>"; };
		CB3D083F1F2E0AC9006C51A0 /* AFNetworking.h */ = {isa = PBXFileReference; fileEncoding = 4; lastKnownFileType = sourcecode.c.h; path = AFNetworking.h; sourceTree = "<group>"; };
		CB3D08401F2E0AC9006C51A0 /* AFNetworkReachabilityManager.h */ = {isa = PBXFileReference; fileEncoding = 4; lastKnownFileType = sourcecode.c.h; path = AFNetworkReachabilityManager.h; sourceTree = "<group>"; };
		CB3D08411F2E0AC9006C51A0 /* AFNetworkReachabilityManager.m */ = {isa = PBXFileReference; fileEncoding = 4; lastKnownFileType = sourcecode.c.objc; path = AFNetworkReachabilityManager.m; sourceTree = "<group>"; };
		CB3D08421F2E0AC9006C51A0 /* AFSecurityPolicy.h */ = {isa = PBXFileReference; fileEncoding = 4; lastKnownFileType = sourcecode.c.h; path = AFSecurityPolicy.h; sourceTree = "<group>"; };
		CB3D08431F2E0AC9006C51A0 /* AFSecurityPolicy.m */ = {isa = PBXFileReference; fileEncoding = 4; lastKnownFileType = sourcecode.c.objc; path = AFSecurityPolicy.m; sourceTree = "<group>"; };
		CB3D08441F2E0ACA006C51A0 /* AFURLRequestSerialization.h */ = {isa = PBXFileReference; fileEncoding = 4; lastKnownFileType = sourcecode.c.h; path = AFURLRequestSerialization.h; sourceTree = "<group>"; };
		CB3D08451F2E0ACA006C51A0 /* AFURLRequestSerialization.m */ = {isa = PBXFileReference; fileEncoding = 4; lastKnownFileType = sourcecode.c.objc; path = AFURLRequestSerialization.m; sourceTree = "<group>"; };
		CB3D08461F2E0ACA006C51A0 /* AFURLResponseSerialization.h */ = {isa = PBXFileReference; fileEncoding = 4; lastKnownFileType = sourcecode.c.h; path = AFURLResponseSerialization.h; sourceTree = "<group>"; };
		CB3D08471F2E0ACA006C51A0 /* AFURLResponseSerialization.m */ = {isa = PBXFileReference; fileEncoding = 4; lastKnownFileType = sourcecode.c.objc; path = AFURLResponseSerialization.m; sourceTree = "<group>"; };
		CB3D08481F2E0ACA006C51A0 /* AFURLSessionManager.h */ = {isa = PBXFileReference; fileEncoding = 4; lastKnownFileType = sourcecode.c.h; path = AFURLSessionManager.h; sourceTree = "<group>"; };
		CB3D08491F2E0ACA006C51A0 /* AFURLSessionManager.m */ = {isa = PBXFileReference; fileEncoding = 4; lastKnownFileType = sourcecode.c.objc; path = AFURLSessionManager.m; sourceTree = "<group>"; };
		CB3D084B1F2E0ACA006C51A0 /* MASCompositeConstraint.h */ = {isa = PBXFileReference; fileEncoding = 4; lastKnownFileType = sourcecode.c.h; path = MASCompositeConstraint.h; sourceTree = "<group>"; };
		CB3D084C1F2E0ACA006C51A0 /* MASCompositeConstraint.m */ = {isa = PBXFileReference; fileEncoding = 4; lastKnownFileType = sourcecode.c.objc; path = MASCompositeConstraint.m; sourceTree = "<group>"; };
		CB3D084D1F2E0ACA006C51A0 /* MASConstraint+Private.h */ = {isa = PBXFileReference; fileEncoding = 4; lastKnownFileType = sourcecode.c.h; path = "MASConstraint+Private.h"; sourceTree = "<group>"; };
		CB3D084E1F2E0ACA006C51A0 /* MASConstraint.h */ = {isa = PBXFileReference; fileEncoding = 4; lastKnownFileType = sourcecode.c.h; path = MASConstraint.h; sourceTree = "<group>"; };
		CB3D084F1F2E0ACA006C51A0 /* MASConstraint.m */ = {isa = PBXFileReference; fileEncoding = 4; lastKnownFileType = sourcecode.c.objc; path = MASConstraint.m; sourceTree = "<group>"; };
		CB3D08501F2E0ACA006C51A0 /* MASConstraintMaker.h */ = {isa = PBXFileReference; fileEncoding = 4; lastKnownFileType = sourcecode.c.h; path = MASConstraintMaker.h; sourceTree = "<group>"; };
		CB3D08511F2E0ACA006C51A0 /* MASConstraintMaker.m */ = {isa = PBXFileReference; fileEncoding = 4; lastKnownFileType = sourcecode.c.objc; path = MASConstraintMaker.m; sourceTree = "<group>"; };
		CB3D08521F2E0ACA006C51A0 /* MASLayoutConstraint.h */ = {isa = PBXFileReference; fileEncoding = 4; lastKnownFileType = sourcecode.c.h; path = MASLayoutConstraint.h; sourceTree = "<group>"; };
		CB3D08531F2E0ACA006C51A0 /* MASLayoutConstraint.m */ = {isa = PBXFileReference; fileEncoding = 4; lastKnownFileType = sourcecode.c.objc; path = MASLayoutConstraint.m; sourceTree = "<group>"; };
		CB3D08541F2E0ACA006C51A0 /* Masonry.h */ = {isa = PBXFileReference; fileEncoding = 4; lastKnownFileType = sourcecode.c.h; path = Masonry.h; sourceTree = "<group>"; };
		CB3D08551F2E0ACA006C51A0 /* MASUtilities.h */ = {isa = PBXFileReference; fileEncoding = 4; lastKnownFileType = sourcecode.c.h; path = MASUtilities.h; sourceTree = "<group>"; };
		CB3D08561F2E0ACA006C51A0 /* MASViewAttribute.h */ = {isa = PBXFileReference; fileEncoding = 4; lastKnownFileType = sourcecode.c.h; path = MASViewAttribute.h; sourceTree = "<group>"; };
		CB3D08571F2E0ACA006C51A0 /* MASViewAttribute.m */ = {isa = PBXFileReference; fileEncoding = 4; lastKnownFileType = sourcecode.c.objc; path = MASViewAttribute.m; sourceTree = "<group>"; };
		CB3D08581F2E0ACA006C51A0 /* MASViewConstraint.h */ = {isa = PBXFileReference; fileEncoding = 4; lastKnownFileType = sourcecode.c.h; path = MASViewConstraint.h; sourceTree = "<group>"; };
		CB3D08591F2E0ACA006C51A0 /* MASViewConstraint.m */ = {isa = PBXFileReference; fileEncoding = 4; lastKnownFileType = sourcecode.c.objc; path = MASViewConstraint.m; sourceTree = "<group>"; };
		CB3D085A1F2E0ACA006C51A0 /* NSArray+MASAdditions.h */ = {isa = PBXFileReference; fileEncoding = 4; lastKnownFileType = sourcecode.c.h; path = "NSArray+MASAdditions.h"; sourceTree = "<group>"; };
		CB3D085B1F2E0ACA006C51A0 /* NSArray+MASAdditions.m */ = {isa = PBXFileReference; fileEncoding = 4; lastKnownFileType = sourcecode.c.objc; path = "NSArray+MASAdditions.m"; sourceTree = "<group>"; };
		CB3D085C1F2E0ACA006C51A0 /* NSArray+MASShorthandAdditions.h */ = {isa = PBXFileReference; fileEncoding = 4; lastKnownFileType = sourcecode.c.h; path = "NSArray+MASShorthandAdditions.h"; sourceTree = "<group>"; };
		CB3D085D1F2E0ACA006C51A0 /* NSLayoutConstraint+MASDebugAdditions.h */ = {isa = PBXFileReference; fileEncoding = 4; lastKnownFileType = sourcecode.c.h; path = "NSLayoutConstraint+MASDebugAdditions.h"; sourceTree = "<group>"; };
		CB3D085E1F2E0ACA006C51A0 /* NSLayoutConstraint+MASDebugAdditions.m */ = {isa = PBXFileReference; fileEncoding = 4; lastKnownFileType = sourcecode.c.objc; path = "NSLayoutConstraint+MASDebugAdditions.m"; sourceTree = "<group>"; };
		CB3D085F1F2E0ACA006C51A0 /* View+MASAdditions.h */ = {isa = PBXFileReference; fileEncoding = 4; lastKnownFileType = sourcecode.c.h; path = "View+MASAdditions.h"; sourceTree = "<group>"; };
		CB3D08601F2E0ACA006C51A0 /* View+MASAdditions.m */ = {isa = PBXFileReference; fileEncoding = 4; lastKnownFileType = sourcecode.c.objc; path = "View+MASAdditions.m"; sourceTree = "<group>"; };
		CB3D08611F2E0ACA006C51A0 /* View+MASShorthandAdditions.h */ = {isa = PBXFileReference; fileEncoding = 4; lastKnownFileType = sourcecode.c.h; path = "View+MASShorthandAdditions.h"; sourceTree = "<group>"; };
		CB3D08621F2E0ACA006C51A0 /* ViewController+MASAdditions.h */ = {isa = PBXFileReference; fileEncoding = 4; lastKnownFileType = sourcecode.c.h; path = "ViewController+MASAdditions.h"; sourceTree = "<group>"; };
		CB3D08631F2E0ACA006C51A0 /* ViewController+MASAdditions.m */ = {isa = PBXFileReference; fileEncoding = 4; lastKnownFileType = sourcecode.c.objc; path = "ViewController+MASAdditions.m"; sourceTree = "<group>"; };
		CB3D08651F2E0ACA006C51A0 /* MKAnnotationView+WebCache.h */ = {isa = PBXFileReference; fileEncoding = 4; lastKnownFileType = sourcecode.c.h; path = "MKAnnotationView+WebCache.h"; sourceTree = "<group>"; };
		CB3D08661F2E0ACA006C51A0 /* MKAnnotationView+WebCache.m */ = {isa = PBXFileReference; fileEncoding = 4; lastKnownFileType = sourcecode.c.objc; path = "MKAnnotationView+WebCache.m"; sourceTree = "<group>"; };
		CB3D08671F2E0ACA006C51A0 /* NSData+ImageContentType.h */ = {isa = PBXFileReference; fileEncoding = 4; lastKnownFileType = sourcecode.c.h; path = "NSData+ImageContentType.h"; sourceTree = "<group>"; };
		CB3D08681F2E0ACA006C51A0 /* NSData+ImageContentType.m */ = {isa = PBXFileReference; fileEncoding = 4; lastKnownFileType = sourcecode.c.objc; path = "NSData+ImageContentType.m"; sourceTree = "<group>"; };
		CB3D08691F2E0ACA006C51A0 /* NSImage+WebCache.h */ = {isa = PBXFileReference; fileEncoding = 4; lastKnownFileType = sourcecode.c.h; path = "NSImage+WebCache.h"; sourceTree = "<group>"; };
		CB3D086A1F2E0ACA006C51A0 /* NSImage+WebCache.m */ = {isa = PBXFileReference; fileEncoding = 4; lastKnownFileType = sourcecode.c.objc; path = "NSImage+WebCache.m"; sourceTree = "<group>"; };
		CB3D086B1F2E0ACA006C51A0 /* SDImageCache.h */ = {isa = PBXFileReference; fileEncoding = 4; lastKnownFileType = sourcecode.c.h; path = SDImageCache.h; sourceTree = "<group>"; };
		CB3D086C1F2E0ACA006C51A0 /* SDImageCache.m */ = {isa = PBXFileReference; fileEncoding = 4; lastKnownFileType = sourcecode.c.objc; path = SDImageCache.m; sourceTree = "<group>"; };
		CB3D086D1F2E0ACA006C51A0 /* SDImageCacheConfig.h */ = {isa = PBXFileReference; fileEncoding = 4; lastKnownFileType = sourcecode.c.h; path = SDImageCacheConfig.h; sourceTree = "<group>"; };
		CB3D086E1F2E0ACA006C51A0 /* SDImageCacheConfig.m */ = {isa = PBXFileReference; fileEncoding = 4; lastKnownFileType = sourcecode.c.objc; path = SDImageCacheConfig.m; sourceTree = "<group>"; };
		CB3D086F1F2E0ACA006C51A0 /* SDWebImageCompat.h */ = {isa = PBXFileReference; fileEncoding = 4; lastKnownFileType = sourcecode.c.h; path = SDWebImageCompat.h; sourceTree = "<group>"; };
		CB3D08701F2E0ACA006C51A0 /* SDWebImageCompat.m */ = {isa = PBXFileReference; fileEncoding = 4; lastKnownFileType = sourcecode.c.objc; path = SDWebImageCompat.m; sourceTree = "<group>"; };
		CB3D08711F2E0ACA006C51A0 /* SDWebImageDecoder.h */ = {isa = PBXFileReference; fileEncoding = 4; lastKnownFileType = sourcecode.c.h; path = SDWebImageDecoder.h; sourceTree = "<group>"; };
		CB3D08721F2E0ACA006C51A0 /* SDWebImageDecoder.m */ = {isa = PBXFileReference; fileEncoding = 4; lastKnownFileType = sourcecode.c.objc; path = SDWebImageDecoder.m; sourceTree = "<group>"; };
		CB3D08731F2E0ACA006C51A0 /* SDWebImageDownloader.h */ = {isa = PBXFileReference; fileEncoding = 4; lastKnownFileType = sourcecode.c.h; path = SDWebImageDownloader.h; sourceTree = "<group>"; };
		CB3D08741F2E0ACA006C51A0 /* SDWebImageDownloader.m */ = {isa = PBXFileReference; fileEncoding = 4; lastKnownFileType = sourcecode.c.objc; path = SDWebImageDownloader.m; sourceTree = "<group>"; };
		CB3D08751F2E0ACA006C51A0 /* SDWebImageDownloaderOperation.h */ = {isa = PBXFileReference; fileEncoding = 4; lastKnownFileType = sourcecode.c.h; path = SDWebImageDownloaderOperation.h; sourceTree = "<group>"; };
		CB3D08761F2E0ACA006C51A0 /* SDWebImageDownloaderOperation.m */ = {isa = PBXFileReference; fileEncoding = 4; lastKnownFileType = sourcecode.c.objc; path = SDWebImageDownloaderOperation.m; sourceTree = "<group>"; };
		CB3D08771F2E0ACA006C51A0 /* SDWebImageManager.h */ = {isa = PBXFileReference; fileEncoding = 4; lastKnownFileType = sourcecode.c.h; path = SDWebImageManager.h; sourceTree = "<group>"; };
		CB3D08781F2E0ACA006C51A0 /* SDWebImageManager.m */ = {isa = PBXFileReference; fileEncoding = 4; lastKnownFileType = sourcecode.c.objc; path = SDWebImageManager.m; sourceTree = "<group>"; };
		CB3D08791F2E0ACA006C51A0 /* SDWebImageOperation.h */ = {isa = PBXFileReference; fileEncoding = 4; lastKnownFileType = sourcecode.c.h; path = SDWebImageOperation.h; sourceTree = "<group>"; };
		CB3D087A1F2E0ACA006C51A0 /* SDWebImagePrefetcher.h */ = {isa = PBXFileReference; fileEncoding = 4; lastKnownFileType = sourcecode.c.h; path = SDWebImagePrefetcher.h; sourceTree = "<group>"; };
		CB3D087B1F2E0ACA006C51A0 /* SDWebImagePrefetcher.m */ = {isa = PBXFileReference; fileEncoding = 4; lastKnownFileType = sourcecode.c.objc; path = SDWebImagePrefetcher.m; sourceTree = "<group>"; };
		CB3D087C1F2E0ACA006C51A0 /* UIButton+WebCache.h */ = {isa = PBXFileReference; fileEncoding = 4; lastKnownFileType = sourcecode.c.h; path = "UIButton+WebCache.h"; sourceTree = "<group>"; };
		CB3D087D1F2E0ACA006C51A0 /* UIButton+WebCache.m */ = {isa = PBXFileReference; fileEncoding = 4; lastKnownFileType = sourcecode.c.objc; path = "UIButton+WebCache.m"; sourceTree = "<group>"; };
		CB3D087E1F2E0ACA006C51A0 /* UIImage+GIF.h */ = {isa = PBXFileReference; fileEncoding = 4; lastKnownFileType = sourcecode.c.h; path = "UIImage+GIF.h"; sourceTree = "<group>"; };
		CB3D087F1F2E0ACA006C51A0 /* UIImage+GIF.m */ = {isa = PBXFileReference; fileEncoding = 4; lastKnownFileType = sourcecode.c.objc; path = "UIImage+GIF.m"; sourceTree = "<group>"; };
		CB3D08801F2E0ACA006C51A0 /* UIImage+MultiFormat.h */ = {isa = PBXFileReference; fileEncoding = 4; lastKnownFileType = sourcecode.c.h; path = "UIImage+MultiFormat.h"; sourceTree = "<group>"; };
		CB3D08811F2E0ACA006C51A0 /* UIImage+MultiFormat.m */ = {isa = PBXFileReference; fileEncoding = 4; lastKnownFileType = sourcecode.c.objc; path = "UIImage+MultiFormat.m"; sourceTree = "<group>"; };
		CB3D08821F2E0ACA006C51A0 /* UIImage+WebP.h */ = {isa = PBXFileReference; fileEncoding = 4; lastKnownFileType = sourcecode.c.h; path = "UIImage+WebP.h"; sourceTree = "<group>"; };
		CB3D08831F2E0ACA006C51A0 /* UIImage+WebP.m */ = {isa = PBXFileReference; fileEncoding = 4; lastKnownFileType = sourcecode.c.objc; path = "UIImage+WebP.m"; sourceTree = "<group>"; };
		CB3D08841F2E0ACA006C51A0 /* UIImageView+HighlightedWebCache.h */ = {isa = PBXFileReference; fileEncoding = 4; lastKnownFileType = sourcecode.c.h; path = "UIImageView+HighlightedWebCache.h"; sourceTree = "<group>"; };
		CB3D08851F2E0ACA006C51A0 /* UIImageView+HighlightedWebCache.m */ = {isa = PBXFileReference; fileEncoding = 4; lastKnownFileType = sourcecode.c.objc; path = "UIImageView+HighlightedWebCache.m"; sourceTree = "<group>"; };
		CB3D08861F2E0ACA006C51A0 /* UIImageView+WebCache.h */ = {isa = PBXFileReference; fileEncoding = 4; lastKnownFileType = sourcecode.c.h; path = "UIImageView+WebCache.h"; sourceTree = "<group>"; };
		CB3D08871F2E0ACA006C51A0 /* UIImageView+WebCache.m */ = {isa = PBXFileReference; fileEncoding = 4; lastKnownFileType = sourcecode.c.objc; path = "UIImageView+WebCache.m"; sourceTree = "<group>"; };
		CB3D08881F2E0ACA006C51A0 /* UIView+WebCache.h */ = {isa = PBXFileReference; fileEncoding = 4; lastKnownFileType = sourcecode.c.h; path = "UIView+WebCache.h"; sourceTree = "<group>"; };
		CB3D08891F2E0ACA006C51A0 /* UIView+WebCache.m */ = {isa = PBXFileReference; fileEncoding = 4; lastKnownFileType = sourcecode.c.objc; path = "UIView+WebCache.m"; sourceTree = "<group>"; };
		CB3D088A1F2E0ACA006C51A0 /* UIView+WebCacheOperation.h */ = {isa = PBXFileReference; fileEncoding = 4; lastKnownFileType = sourcecode.c.h; path = "UIView+WebCacheOperation.h"; sourceTree = "<group>"; };
		CB3D088B1F2E0ACA006C51A0 /* UIView+WebCacheOperation.m */ = {isa = PBXFileReference; fileEncoding = 4; lastKnownFileType = sourcecode.c.objc; path = "UIView+WebCacheOperation.m"; sourceTree = "<group>"; };
		CB3D08B71F2E1313006C51A0 /* YTNavigationController.h */ = {isa = PBXFileReference; fileEncoding = 4; lastKnownFileType = sourcecode.c.h; path = YTNavigationController.h; sourceTree = "<group>"; };
		CB3D08B81F2E1313006C51A0 /* YTNavigationController.m */ = {isa = PBXFileReference; fileEncoding = 4; lastKnownFileType = sourcecode.c.objc; path = YTNavigationController.m; sourceTree = "<group>"; };
		CB3D08BA1F2E13CA006C51A0 /* YTBaseController.h */ = {isa = PBXFileReference; fileEncoding = 4; lastKnownFileType = sourcecode.c.h; path = YTBaseController.h; sourceTree = "<group>"; };
		CB3D08BB1F2E13CA006C51A0 /* YTBaseController.m */ = {isa = PBXFileReference; fileEncoding = 4; lastKnownFileType = sourcecode.c.objc; path = YTBaseController.m; sourceTree = "<group>"; };
		CBAA4B391F2E355E00E23A49 /* YTNavigationBar.h */ = {isa = PBXFileReference; fileEncoding = 4; lastKnownFileType = sourcecode.c.h; path = YTNavigationBar.h; sourceTree = "<group>"; };
		CBAA4B3A1F2E355E00E23A49 /* YTNavigationBar.m */ = {isa = PBXFileReference; fileEncoding = 4; lastKnownFileType = sourcecode.c.objc; path = YTNavigationBar.m; sourceTree = "<group>"; };
		CBBB3DE91F3289E6002AE536 /* UIView+UIviewAddition.h */ = {isa = PBXFileReference; fileEncoding = 4; lastKnownFileType = sourcecode.c.h; path = "UIView+UIviewAddition.h"; sourceTree = "<group>"; };
		CBBB3DEA1F3289E6002AE536 /* UIView+UIviewAddition.m */ = {isa = PBXFileReference; fileEncoding = 4; lastKnownFileType = sourcecode.c.objc; path = "UIView+UIviewAddition.m"; sourceTree = "<group>"; };
		CBBB3DED1F328F73002AE536 /* YTShopDetailController.h */ = {isa = PBXFileReference; fileEncoding = 4; lastKnownFileType = sourcecode.c.h; path = YTShopDetailController.h; sourceTree = "<group>"; };
		CBBB3DEE1F328F73002AE536 /* YTShopDetailController.m */ = {isa = PBXFileReference; fileEncoding = 4; lastKnownFileType = sourcecode.c.objc; path = YTShopDetailController.m; sourceTree = "<group>"; };
		CBBC04361F34CD6000EE821B /* YTFoodDetailController.h */ = {isa = PBXFileReference; fileEncoding = 4; lastKnownFileType = sourcecode.c.h; path = YTFoodDetailController.h; sourceTree = "<group>"; };
		CBBC04371F34CD6000EE821B /* YTFoodDetailController.m */ = {isa = PBXFileReference; fileEncoding = 4; lastKnownFileType = sourcecode.c.objc; path = YTFoodDetailController.m; sourceTree = "<group>"; };
		CBBC043C1F34CE5500EE821B /* YTFoodDetailFlowLayout.h */ = {isa = PBXFileReference; fileEncoding = 4; lastKnownFileType = sourcecode.c.h; path = YTFoodDetailFlowLayout.h; sourceTree = "<group>"; };
		CBBC043D1F34CE5500EE821B /* YTFoodDetailFlowLayout.m */ = {isa = PBXFileReference; fileEncoding = 4; lastKnownFileType = sourcecode.c.objc; path = YTFoodDetailFlowLayout.m; sourceTree = "<group>"; };
		CBBC043F1F34D0DE00EE821B /* YTFoodDetailCell.h */ = {isa = PBXFileReference; fileEncoding = 4; lastKnownFileType = sourcecode.c.h; path = YTFoodDetailCell.h; sourceTree = "<group>"; };
		CBBC04401F34D0DE00EE821B /* YTFoodDetailCell.m */ = {isa = PBXFileReference; fileEncoding = 4; lastKnownFileType = sourcecode.c.objc; path = YTFoodDetailCell.m; sourceTree = "<group>"; };
		CBBC04411F34D0DE00EE821B /* YTFoodDetailCell.xib */ = {isa = PBXFileReference; fileEncoding = 4; lastKnownFileType = file.xib; path = YTFoodDetailCell.xib; sourceTree = "<group>"; };
		CBCA715C1F3082A000DCA449 /* UIImage+DashLine.h */ = {isa = PBXFileReference; fileEncoding = 4; lastKnownFileType = sourcecode.c.h; path = "UIImage+DashLine.h"; sourceTree = "<group>"; };
		CBCA715D1F3082A000DCA449 /* UIImage+DashLine.m */ = {isa = PBXFileReference; fileEncoding = 4; lastKnownFileType = sourcecode.c.objc; path = "UIImage+DashLine.m"; sourceTree = "<group>"; };
		CBCA71601F309BBD00DCA449 /* YTInfoModel.h */ = {isa = PBXFileReference; fileEncoding = 4; lastKnownFileType = sourcecode.c.h; path = YTInfoModel.h; sourceTree = "<group>"; };
		CBCA71611F309BBD00DCA449 /* YTInfoModel.m */ = {isa = PBXFileReference; fileEncoding = 4; lastKnownFileType = sourcecode.c.objc; path = YTInfoModel.m; sourceTree = "<group>"; };
		CBCA71631F309CDA00DCA449 /* YTInfoView.h */ = {isa = PBXFileReference; fileEncoding = 4; lastKnownFileType = sourcecode.c.h; path = YTInfoView.h; sourceTree = "<group>"; };
		CBCA71641F309CDA00DCA449 /* YTInfoView.m */ = {isa = PBXFileReference; fileEncoding = 4; lastKnownFileType = sourcecode.c.objc; path = YTInfoView.m; sourceTree = "<group>"; };
		CBCA71661F309D0D00DCA449 /* YTInfoLoopView.h */ = {isa = PBXFileReference; fileEncoding = 4; lastKnownFileType = sourcecode.c.h; path = YTInfoLoopView.h; sourceTree = "<group>"; };
		CBCA71671F309D0D00DCA449 /* YTInfoLoopView.m */ = {isa = PBXFileReference; fileEncoding = 4; lastKnownFileType = sourcecode.c.objc; path = YTInfoLoopView.m; sourceTree = "<group>"; };
		CBED4A5F1F2EA4AB00A64134 /* NSObject+LinearFormula.h */ = {isa = PBXFileReference; fileEncoding = 4; lastKnownFileType = sourcecode.c.h; path = "NSObject+LinearFormula.h"; sourceTree = "<group>"; };
		CBED4A601F2EA4AB00A64134 /* NSObject+LinearFormula.m */ = {isa = PBXFileReference; fileEncoding = 4; lastKnownFileType = sourcecode.c.objc; path = "NSObject+LinearFormula.m"; sourceTree = "<group>"; };
		CBED4A621F2EA59F00A64134 /* Additons.h */ = {isa = PBXFileReference; lastKnownFileType = sourcecode.c.h; path = Additons.h; sourceTree = "<group>"; };
/* End PBXFileReference section */

/* Begin PBXFrameworksBuildPhase section */
		CB3D08141F2DFD22006C51A0 /* Frameworks */ = {
			isa = PBXFrameworksBuildPhase;
			buildActionMask = 2147483647;
			files = (
			);
			runOnlyForDeploymentPostprocessing = 0;
		};
/* End PBXFrameworksBuildPhase section */

/* Begin PBXGroup section */
		CB07F74A1F2F8AEF00FF5AFC /* ShopComment */ = {
			isa = PBXGroup;
			children = (
				CB07F7501F2F8BAF00FF5AFC /* YTShopCommentController.h */,
				CB07F7511F2F8BAF00FF5AFC /* YTShopCommentController.m */,
			);
			path = ShopComment;
			sourceTree = "<group>";
		};
		CB07F74B1F2F8AEF00FF5AFC /* ShopInfo */ = {
			isa = PBXGroup;
			children = (
				CB07F7531F2F8BC700FF5AFC /* YTShopInfoController.h */,
				CB07F7541F2F8BC700FF5AFC /* YTShopInfoController.m */,
			);
			path = ShopInfo;
			sourceTree = "<group>";
		};
		CB07F74C1F2F8AEF00FF5AFC /* ShopOrder */ = {
			isa = PBXGroup;
			children = (
				CB354F2E1F32FADD000229D1 /* Controller */,
				CB354F311F32FADD000229D1 /* Model */,
				CB354F321F32FADD000229D1 /* View */,
			);
			name = ShopOrder;
			path = meituan/Classes/ShopOrder;
			sourceTree = SOURCE_ROOT;
		};
		CB07F7561F30259900FF5AFC /* Controller */ = {
			isa = PBXGroup;
			children = (
				CB07F7571F30259900FF5AFC /* YTShopController.h */,
				CB07F7581F30259900FF5AFC /* YTShopController.m */,
			);
			path = Controller;
			sourceTree = "<group>";
		};
		CB07F7591F30259900FF5AFC /* Model */ = {
			isa = PBXGroup;
			children = (
				CB07F7611F3059D100FF5AFC /* YTShopPoi_infoModel.h */,
				CB07F7621F3059D100FF5AFC /* YTShopPoi_infoModel.m */,
			);
			path = Model;
			sourceTree = "<group>";
		};
		CB07F75A1F30259900FF5AFC /* View */ = {
			isa = PBXGroup;
			children = (
				CB07F75C1F3025D400FF5AFC /* YTShopView.h */,
				CB07F75D1F3025D400FF5AFC /* YTShopView.m */,
			);
			path = View;
			sourceTree = "<group>";
		};
		CB1A48051F3709C9007DD6FC /* ShopCar */ = {
			isa = PBXGroup;
			children = (
				CB1A48061F370A15007DD6FC /* ShopCar.xib */,
				CB1A48081F370E46007DD6FC /* YTShopCar.h */,
				CB1A48091F370E46007DD6FC /* YTShopCar.m */,
				CB1A480B1F37121B007DD6FC /* YTShopCarModel.h */,
				CB1A480C1F37121B007DD6FC /* YTShopCarModel.m */,
			);
			path = ShopCar;
			sourceTree = "<group>";
		};
		CB1A480E1F371307007DD6FC /* CountView */ = {
			isa = PBXGroup;
			children = (
				CB1A480F1F371307007DD6FC /* countView.xib */,
				CB1A48101F371307007DD6FC /* YTCountView.h */,
				CB1A48111F371307007DD6FC /* YTCountView.m */,
			);
			path = CountView;
			sourceTree = "<group>";
		};
		CB354F2E1F32FADD000229D1 /* Controller */ = {
			isa = PBXGroup;
			children = (
				CB354F2F1F32FADD000229D1 /* YTShopOrderController.h */,
				CB354F301F32FADD000229D1 /* YTShopOrderController.m */,
			);
			path = Controller;
			sourceTree = "<group>";
		};
		CB354F311F32FADD000229D1 /* Model */ = {
			isa = PBXGroup;
			children = (
				CB354F341F333590000229D1 /* YTShopOrderGategoryModel.h */,
				CB354F351F333590000229D1 /* YTShopOrderGategoryModel.m */,
				CB354F371F3335BC000229D1 /* YTShopOrderFoodModel.h */,
				CB354F381F3335BC000229D1 /* YTShopOrderFoodModel.m */,
			);
			path = Model;
			sourceTree = "<group>";
		};
		CB354F321F32FADD000229D1 /* View */ = {
			isa = PBXGroup;
			children = (
				CB29BBC01F33EC1C00F01E3B /* YTShopOrderFoodCell.h */,
				CB29BBC11F33EC1C00F01E3B /* YTShopOrderFoodCell.m */,
				CB29BBC21F33EC1C00F01E3B /* YTShopOrderFoodCell.xib */,
				CB354F3A1F33529A000229D1 /* YTShopOrderGategoryCell.h */,
				CB354F3B1F33529A000229D1 /* YTShopOrderGategoryCell.m */,
				CB29BBBA1F33E37000F01E3B /* YTTableViewHeaderFooterView.h */,
				CB29BBBB1F33E37000F01E3B /* YTTableViewHeaderFooterView.m */,
				CB1A480E1F371307007DD6FC /* CountView */,
			);
			path = View;
			sourceTree = "<group>";
		};
		CB3D080E1F2DFD22006C51A0 = {
			isa = PBXGroup;
			children = (
				CB3D08191F2DFD22006C51A0 /* meituan */,
				CB3D08181F2DFD22006C51A0 /* Products */,
			);
			sourceTree = "<group>";
		};
		CB3D08181F2DFD22006C51A0 /* Products */ = {
			isa = PBXGroup;
			children = (
				CB3D08171F2DFD22006C51A0 /* meituan.app */,
			);
			name = Products;
			sourceTree = "<group>";
		};
		CB3D08191F2DFD22006C51A0 /* meituan */ = {
			isa = PBXGroup;
			children = (
				CB3D08391F2E0A5B006C51A0 /* Common */,
				CB3D083A1F2E0A5B006C51A0 /* Libs */,
				CB3D08311F2E0832006C51A0 /* Classes */,
				CB3D08351F2E0832006C51A0 /* Others */,
				CB3D081A1F2DFD22006C51A0 /* Supporting Files */,
			);
			path = meituan;
			sourceTree = "<group>";
		};
		CB3D081A1F2DFD22006C51A0 /* Supporting Files */ = {
			isa = PBXGroup;
			children = (
				CB3D08261F2DFD22006C51A0 /* Assets.xcassets */,
				CB3D08281F2DFD22006C51A0 /* LaunchScreen.storyboard */,
				CB3D082B1F2DFD22006C51A0 /* Info.plist */,
				CB07F75F1F3054A400FF5AFC /* food.json */,
				CB3D081B1F2DFD22006C51A0 /* main.m */,
				CB07F7641F305DE100FF5AFC /* YTMeiTuanPrefixHeader.pch */,
			);
			name = "Supporting Files";
			sourceTree = "<group>";
		};
		CB3D08311F2E0832006C51A0 /* Classes */ = {
			isa = PBXGroup;
			children = (
				CB1A48051F3709C9007DD6FC /* ShopCar */,
				CB3D08321F2E0832006C51A0 /* FoodDetail */,
				CBBB3DE51F3288E4002AE536 /* ShopDetail */,
				CB07F74C1F2F8AEF00FF5AFC /* ShopOrder */,
				CB3D083B1F2E0A82006C51A0 /* Main */,
				CB3D08341F2E0832006C51A0 /* Shop */,
				CB07F74A1F2F8AEF00FF5AFC /* ShopComment */,
				CB07F74B1F2F8AEF00FF5AFC /* ShopInfo */,
			);
			path = Classes;
			sourceTree = "<group>";
		};
		CB3D08321F2E0832006C51A0 /* FoodDetail */ = {
			isa = PBXGroup;
			children = (
				CBBC04351F34CD6000EE821B /* Controller */,
				CBBC04381F34CD6000EE821B /* Model */,
				CBBC04391F34CD6000EE821B /* Others */,
				CBBC043A1F34CD6000EE821B /* View */,
			);
			path = FoodDetail;
			sourceTree = "<group>";
		};
		CB3D08341F2E0832006C51A0 /* Shop */ = {
			isa = PBXGroup;
			children = (
				CB07F7591F30259900FF5AFC /* Model */,
				CB07F75A1F30259900FF5AFC /* View */,
				CB07F7561F30259900FF5AFC /* Controller */,
			);
			path = Shop;
			sourceTree = "<group>";
		};
		CB3D08351F2E0832006C51A0 /* Others */ = {
			isa = PBXGroup;
			children = (
				CB3D08361F2E0832006C51A0 /* AppDelegate.h */,
				CB3D08371F2E0832006C51A0 /* AppDelegate.m */,
			);
			path = Others;
			sourceTree = "<group>";
		};
		CB3D08391F2E0A5B006C51A0 /* Common */ = {
			isa = PBXGroup;
			children = (
				CBCA715F1F309B1800DCA449 /* LoopView */,
				CB07F7441F2F86B900FF5AFC /* UIColor+Addition.h */,
				CB07F7451F2F86B900FF5AFC /* UIColor+Addition.m */,
				CB07F7461F2F86B900FF5AFC /* UILabel+Addition.h */,
				CB07F7471F2F86B900FF5AFC /* UILabel+Addition.m */,
				CBED4A5F1F2EA4AB00A64134 /* NSObject+LinearFormula.h */,
				CBED4A601F2EA4AB00A64134 /* NSObject+LinearFormula.m */,
				CBCA715C1F3082A000DCA449 /* UIImage+DashLine.h */,
				CBCA715D1F3082A000DCA449 /* UIImage+DashLine.m */,
				CBBB3DE91F3289E6002AE536 /* UIView+UIviewAddition.h */,
				CBBB3DEA1F3289E6002AE536 /* UIView+UIviewAddition.m */,
				CBED4A621F2EA59F00A64134 /* Additons.h */,
			);
			path = Common;
			sourceTree = "<group>";
		};
		CB3D083A1F2E0A5B006C51A0 /* Libs */ = {
			isa = PBXGroup;
			children = (
				CB3D083C1F2E0AC9006C51A0 /* AFNetworking */,
				CB3D084A1F2E0ACA006C51A0 /* Masonry */,
				CB3D08641F2E0ACA006C51A0 /* SDWebImage */,
			);
			path = Libs;
			sourceTree = "<group>";
		};
		CB3D083B1F2E0A82006C51A0 /* Main */ = {
			isa = PBXGroup;
			children = (
				CB3D08B71F2E1313006C51A0 /* YTNavigationController.h */,
				CB3D08B81F2E1313006C51A0 /* YTNavigationController.m */,
				CB3D08BA1F2E13CA006C51A0 /* YTBaseController.h */,
				CB3D08BB1F2E13CA006C51A0 /* YTBaseController.m */,
				CBAA4B391F2E355E00E23A49 /* YTNavigationBar.h */,
				CBAA4B3A1F2E355E00E23A49 /* YTNavigationBar.m */,
			);
			path = Main;
			sourceTree = "<group>";
		};
		CB3D083C1F2E0AC9006C51A0 /* AFNetworking */ = {
			isa = PBXGroup;
			children = (
				CB3D083D1F2E0AC9006C51A0 /* AFHTTPSessionManager.h */,
				CB3D083E1F2E0AC9006C51A0 /* AFHTTPSessionManager.m */,
				CB3D083F1F2E0AC9006C51A0 /* AFNetworking.h */,
				CB3D08401F2E0AC9006C51A0 /* AFNetworkReachabilityManager.h */,
				CB3D08411F2E0AC9006C51A0 /* AFNetworkReachabilityManager.m */,
				CB3D08421F2E0AC9006C51A0 /* AFSecurityPolicy.h */,
				CB3D08431F2E0AC9006C51A0 /* AFSecurityPolicy.m */,
				CB3D08441F2E0ACA006C51A0 /* AFURLRequestSerialization.h */,
				CB3D08451F2E0ACA006C51A0 /* AFURLRequestSerialization.m */,
				CB3D08461F2E0ACA006C51A0 /* AFURLResponseSerialization.h */,
				CB3D08471F2E0ACA006C51A0 /* AFURLResponseSerialization.m */,
				CB3D08481F2E0ACA006C51A0 /* AFURLSessionManager.h */,
				CB3D08491F2E0ACA006C51A0 /* AFURLSessionManager.m */,
			);
			path = AFNetworking;
			sourceTree = "<group>";
		};
		CB3D084A1F2E0ACA006C51A0 /* Masonry */ = {
			isa = PBXGroup;
			children = (
				CB3D084B1F2E0ACA006C51A0 /* MASCompositeConstraint.h */,
				CB3D084C1F2E0ACA006C51A0 /* MASCompositeConstraint.m */,
				CB3D084D1F2E0ACA006C51A0 /* MASConstraint+Private.h */,
				CB3D084E1F2E0ACA006C51A0 /* MASConstraint.h */,
				CB3D084F1F2E0ACA006C51A0 /* MASConstraint.m */,
				CB3D08501F2E0ACA006C51A0 /* MASConstraintMaker.h */,
				CB3D08511F2E0ACA006C51A0 /* MASConstraintMaker.m */,
				CB3D08521F2E0ACA006C51A0 /* MASLayoutConstraint.h */,
				CB3D08531F2E0ACA006C51A0 /* MASLayoutConstraint.m */,
				CB3D08541F2E0ACA006C51A0 /* Masonry.h */,
				CB3D08551F2E0ACA006C51A0 /* MASUtilities.h */,
				CB3D08561F2E0ACA006C51A0 /* MASViewAttribute.h */,
				CB3D08571F2E0ACA006C51A0 /* MASViewAttribute.m */,
				CB3D08581F2E0ACA006C51A0 /* MASViewConstraint.h */,
				CB3D08591F2E0ACA006C51A0 /* MASViewConstraint.m */,
				CB3D085A1F2E0ACA006C51A0 /* NSArray+MASAdditions.h */,
				CB3D085B1F2E0ACA006C51A0 /* NSArray+MASAdditions.m */,
				CB3D085C1F2E0ACA006C51A0 /* NSArray+MASShorthandAdditions.h */,
				CB3D085D1F2E0ACA006C51A0 /* NSLayoutConstraint+MASDebugAdditions.h */,
				CB3D085E1F2E0ACA006C51A0 /* NSLayoutConstraint+MASDebugAdditions.m */,
				CB3D085F1F2E0ACA006C51A0 /* View+MASAdditions.h */,
				CB3D08601F2E0ACA006C51A0 /* View+MASAdditions.m */,
				CB3D08611F2E0ACA006C51A0 /* View+MASShorthandAdditions.h */,
				CB3D08621F2E0ACA006C51A0 /* ViewController+MASAdditions.h */,
				CB3D08631F2E0ACA006C51A0 /* ViewController+MASAdditions.m */,
			);
			path = Masonry;
			sourceTree = "<group>";
		};
		CB3D08641F2E0ACA006C51A0 /* SDWebImage */ = {
			isa = PBXGroup;
			children = (
				CB3D08651F2E0ACA006C51A0 /* MKAnnotationView+WebCache.h */,
				CB3D08661F2E0ACA006C51A0 /* MKAnnotationView+WebCache.m */,
				CB3D08671F2E0ACA006C51A0 /* NSData+ImageContentType.h */,
				CB3D08681F2E0ACA006C51A0 /* NSData+ImageContentType.m */,
				CB3D08691F2E0ACA006C51A0 /* NSImage+WebCache.h */,
				CB3D086A1F2E0ACA006C51A0 /* NSImage+WebCache.m */,
				CB3D086B1F2E0ACA006C51A0 /* SDImageCache.h */,
				CB3D086C1F2E0ACA006C51A0 /* SDImageCache.m */,
				CB3D086D1F2E0ACA006C51A0 /* SDImageCacheConfig.h */,
				CB3D086E1F2E0ACA006C51A0 /* SDImageCacheConfig.m */,
				CB3D086F1F2E0ACA006C51A0 /* SDWebImageCompat.h */,
				CB3D08701F2E0ACA006C51A0 /* SDWebImageCompat.m */,
				CB3D08711F2E0ACA006C51A0 /* SDWebImageDecoder.h */,
				CB3D08721F2E0ACA006C51A0 /* SDWebImageDecoder.m */,
				CB3D08731F2E0ACA006C51A0 /* SDWebImageDownloader.h */,
				CB3D08741F2E0ACA006C51A0 /* SDWebImageDownloader.m */,
				CB3D08751F2E0ACA006C51A0 /* SDWebImageDownloaderOperation.h */,
				CB3D08761F2E0ACA006C51A0 /* SDWebImageDownloaderOperation.m */,
				CB3D08771F2E0ACA006C51A0 /* SDWebImageManager.h */,
				CB3D08781F2E0ACA006C51A0 /* SDWebImageManager.m */,
				CB3D08791F2E0ACA006C51A0 /* SDWebImageOperation.h */,
				CB3D087A1F2E0ACA006C51A0 /* SDWebImagePrefetcher.h */,
				CB3D087B1F2E0ACA006C51A0 /* SDWebImagePrefetcher.m */,
				CB3D087C1F2E0ACA006C51A0 /* UIButton+WebCache.h */,
				CB3D087D1F2E0ACA006C51A0 /* UIButton+WebCache.m */,
				CB3D087E1F2E0ACA006C51A0 /* UIImage+GIF.h */,
				CB3D087F1F2E0ACA006C51A0 /* UIImage+GIF.m */,
				CB3D08801F2E0ACA006C51A0 /* UIImage+MultiFormat.h */,
				CB3D08811F2E0ACA006C51A0 /* UIImage+MultiFormat.m */,
				CB3D08821F2E0ACA006C51A0 /* UIImage+WebP.h */,
				CB3D08831F2E0ACA006C51A0 /* UIImage+WebP.m */,
				CB3D08841F2E0ACA006C51A0 /* UIImageView+HighlightedWebCache.h */,
				CB3D08851F2E0ACA006C51A0 /* UIImageView+HighlightedWebCache.m */,
				CB3D08861F2E0ACA006C51A0 /* UIImageView+WebCache.h */,
				CB3D08871F2E0ACA006C51A0 /* UIImageView+WebCache.m */,
				CB3D08881F2E0ACA006C51A0 /* UIView+WebCache.h */,
				CB3D08891F2E0ACA006C51A0 /* UIView+WebCache.m */,
				CB3D088A1F2E0ACA006C51A0 /* UIView+WebCacheOperation.h */,
				CB3D088B1F2E0ACA006C51A0 /* UIView+WebCacheOperation.m */,
			);
			path = SDWebImage;
			sourceTree = "<group>";
		};
		CBBB3DE51F3288E4002AE536 /* ShopDetail */ = {
			isa = PBXGroup;
			children = (
				CBBB3DEC1F328F73002AE536 /* Controller */,
				CBBB3DEF1F328F73002AE536 /* Model */,
				CBBB3DF01F328F73002AE536 /* View */,
			);
			path = ShopDetail;
			sourceTree = "<group>";
		};
		CBBB3DEC1F328F73002AE536 /* Controller */ = {
			isa = PBXGroup;
			children = (
				CBBB3DED1F328F73002AE536 /* YTShopDetailController.h */,
				CBBB3DEE1F328F73002AE536 /* YTShopDetailController.m */,
			);
			path = Controller;
			sourceTree = "<group>";
		};
		CBBB3DEF1F328F73002AE536 /* Model */ = {
			isa = PBXGroup;
			children = (
				CB354F2B1F32BD0A000229D1 /* YTShopDetailTransitonDelegate.h */,
				CB354F2C1F32BD0A000229D1 /* YTShopDetailTransitonDelegate.m */,
			);
			path = Model;
			sourceTree = "<group>";
		};
		CBBB3DF01F328F73002AE536 /* View */ = {
			isa = PBXGroup;
			children = (
			);
			path = View;
			sourceTree = "<group>";
		};
		CBBC04351F34CD6000EE821B /* Controller */ = {
			isa = PBXGroup;
			children = (
				CBBC04361F34CD6000EE821B /* YTFoodDetailController.h */,
				CBBC04371F34CD6000EE821B /* YTFoodDetailController.m */,
			);
			path = Controller;
			sourceTree = "<group>";
		};
		CBBC04381F34CD6000EE821B /* Model */ = {
			isa = PBXGroup;
			children = (
			);
			path = Model;
			sourceTree = "<group>";
		};
		CBBC04391F34CD6000EE821B /* Others */ = {
			isa = PBXGroup;
			children = (
				CBBC043C1F34CE5500EE821B /* YTFoodDetailFlowLayout.h */,
				CBBC043D1F34CE5500EE821B /* YTFoodDetailFlowLayout.m */,
			);
			path = Others;
			sourceTree = "<group>";
		};
		CBBC043A1F34CD6000EE821B /* View */ = {
			isa = PBXGroup;
			children = (
				CBBC043F1F34D0DE00EE821B /* YTFoodDetailCell.h */,
				CBBC04401F34D0DE00EE821B /* YTFoodDetailCell.m */,
				CBBC04411F34D0DE00EE821B /* YTFoodDetailCell.xib */,
			);
			path = View;
			sourceTree = "<group>";
		};
		CBCA715F1F309B1800DCA449 /* LoopView */ = {
			isa = PBXGroup;
			children = (
				CBCA71601F309BBD00DCA449 /* YTInfoModel.h */,
				CBCA71611F309BBD00DCA449 /* YTInfoModel.m */,
				CBCA71631F309CDA00DCA449 /* YTInfoView.h */,
				CBCA71641F309CDA00DCA449 /* YTInfoView.m */,
				CBCA71661F309D0D00DCA449 /* YTInfoLoopView.h */,
				CBCA71671F309D0D00DCA449 /* YTInfoLoopView.m */,
			);
			path = LoopView;
			sourceTree = "<group>";
		};
/* End PBXGroup section */

/* Begin PBXNativeTarget section */
		CB3D08161F2DFD22006C51A0 /* meituan */ = {
			isa = PBXNativeTarget;
			buildConfigurationList = CB3D082E1F2DFD22006C51A0 /* Build configuration list for PBXNativeTarget "meituan" */;
			buildPhases = (
				CB3D08131F2DFD22006C51A0 /* Sources */,
				CB3D08141F2DFD22006C51A0 /* Frameworks */,
				CB3D08151F2DFD22006C51A0 /* Resources */,
			);
			buildRules = (
			);
			dependencies = (
			);
			name = meituan;
			productName = meituan;
			productReference = CB3D08171F2DFD22006C51A0 /* meituan.app */;
			productType = "com.apple.product-type.application";
		};
/* End PBXNativeTarget section */

/* Begin PBXProject section */
		CB3D080F1F2DFD22006C51A0 /* Project object */ = {
			isa = PBXProject;
			attributes = {
				CLASSPREFIX = YT;
				LastUpgradeCheck = 0830;
				ORGANIZATIONNAME = itcast;
				TargetAttributes = {
					CB3D08161F2DFD22006C51A0 = {
						CreatedOnToolsVersion = 8.3.3;
						ProvisioningStyle = Automatic;
					};
				};
			};
			buildConfigurationList = CB3D08121F2DFD22006C51A0 /* Build configuration list for PBXProject "meituan" */;
			compatibilityVersion = "Xcode 3.2";
			developmentRegion = English;
			hasScannedForEncodings = 0;
			knownRegions = (
				en,
				Base,
			);
			mainGroup = CB3D080E1F2DFD22006C51A0;
			productRefGroup = CB3D08181F2DFD22006C51A0 /* Products */;
			projectDirPath = "";
			projectRoot = "";
			targets = (
				CB3D08161F2DFD22006C51A0 /* meituan */,
			);
		};
/* End PBXProject section */

/* Begin PBXResourcesBuildPhase section */
		CB3D08151F2DFD22006C51A0 /* Resources */ = {
			isa = PBXResourcesBuildPhase;
			buildActionMask = 2147483647;
			files = (
				CB07F7601F3054A400FF5AFC /* food.json in Resources */,
				CB3D082A1F2DFD22006C51A0 /* LaunchScreen.storyboard in Resources */,
				CB1A48121F371307007DD6FC /* countView.xib in Resources */,
				CB1A48071F370A15007DD6FC /* ShopCar.xib in Resources */,
				CB3D08271F2DFD22006C51A0 /* Assets.xcassets in Resources */,
				CBBC04431F34D0DE00EE821B /* YTFoodDetailCell.xib in Resources */,
				CB29BBC41F33EC1C00F01E3B /* YTShopOrderFoodCell.xib in Resources */,
			);
			runOnlyForDeploymentPostprocessing = 0;
		};
/* End PBXResourcesBuildPhase section */

/* Begin PBXSourcesBuildPhase section */
		CB3D08131F2DFD22006C51A0 /* Sources */ = {
			isa = PBXSourcesBuildPhase;
			buildActionMask = 2147483647;
			files = (
				CB3D08AB1F2E0ACA006C51A0 /* UIImageView+HighlightedWebCache.m in Sources */,
				CB354F391F3335BC000229D1 /* YTShopOrderFoodModel.m in Sources */,
				CB3D088C1F2E0ACA006C51A0 /* AFHTTPSessionManager.m in Sources */,
				CB3D08A51F2E0ACA006C51A0 /* SDWebImageManager.m in Sources */,
				CB3D08A11F2E0ACA006C51A0 /* SDWebImageCompat.m in Sources */,
				CB3D08B91F2E1313006C51A0 /* YTNavigationController.m in Sources */,
				CB354F361F333590000229D1 /* YTShopOrderGategoryModel.m in Sources */,
				CB07F7631F3059D100FF5AFC /* YTShopPoi_infoModel.m in Sources */,
				CB3D08A61F2E0ACA006C51A0 /* SDWebImagePrefetcher.m in Sources */,
				CB3D08911F2E0ACA006C51A0 /* AFURLSessionManager.m in Sources */,
				CB07F7521F2F8BAF00FF5AFC /* YTShopCommentController.m in Sources */,
				CB29BBBC1F33E37000F01E3B /* YTTableViewHeaderFooterView.m in Sources */,
				CB3D08981F2E0ACA006C51A0 /* NSArray+MASAdditions.m in Sources */,
				CB07F7491F2F86B900FF5AFC /* UILabel+Addition.m in Sources */,
				CBBB3DEB1F3289E6002AE536 /* UIView+UIviewAddition.m in Sources */,
				CB3D088E1F2E0ACA006C51A0 /* AFSecurityPolicy.m in Sources */,
				CB3D08A71F2E0ACA006C51A0 /* UIButton+WebCache.m in Sources */,
				CB1A480D1F37121B007DD6FC /* YTShopCarModel.m in Sources */,
				CBBC043E1F34CE5500EE821B /* YTFoodDetailFlowLayout.m in Sources */,
				CB3D08381F2E0832006C51A0 /* AppDelegate.m in Sources */,
				CB354F2D1F32BD0A000229D1 /* YTShopDetailTransitonDelegate.m in Sources */,
				CB3D089A1F2E0ACA006C51A0 /* View+MASAdditions.m in Sources */,
				CBAA4B3B1F2E355E00E23A49 /* YTNavigationBar.m in Sources */,
				CB3D08AA1F2E0ACA006C51A0 /* UIImage+WebP.m in Sources */,
				CB07F75E1F3025D400FF5AFC /* YTShopView.m in Sources */,
				CB3D08951F2E0ACA006C51A0 /* MASLayoutConstraint.m in Sources */,
				CB3D089F1F2E0ACA006C51A0 /* SDImageCache.m in Sources */,
				CB3D08AD1F2E0ACA006C51A0 /* UIView+WebCache.m in Sources */,
				CB354F331F32FADD000229D1 /* YTShopOrderController.m in Sources */,
				CB3D08931F2E0ACA006C51A0 /* MASConstraint.m in Sources */,
				CB3D08A81F2E0ACA006C51A0 /* UIImage+GIF.m in Sources */,
				CB3D089E1F2E0ACA006C51A0 /* NSImage+WebCache.m in Sources */,
				CBBC043B1F34CD6000EE821B /* YTFoodDetailController.m in Sources */,
				CB3D08991F2E0ACA006C51A0 /* NSLayoutConstraint+MASDebugAdditions.m in Sources */,
				CB3D08A91F2E0ACA006C51A0 /* UIImage+MultiFormat.m in Sources */,
				CB3D08A21F2E0ACA006C51A0 /* SDWebImageDecoder.m in Sources */,
				CB3D08921F2E0ACA006C51A0 /* MASCompositeConstraint.m in Sources */,
				CB3D089D1F2E0ACA006C51A0 /* NSData+ImageContentType.m in Sources */,
				CB3D08A41F2E0ACA006C51A0 /* SDWebImageDownloaderOperation.m in Sources */,
				CB3D088F1F2E0ACA006C51A0 /* AFURLRequestSerialization.m in Sources */,
				CB3D08A01F2E0ACA006C51A0 /* SDImageCacheConfig.m in Sources */,
				CB07F75B1F30259900FF5AFC /* YTShopController.m in Sources */,
				CBCA71621F309BBD00DCA449 /* YTInfoModel.m in Sources */,
				CBED4A611F2EA4AB00A64134 /* NSObject+LinearFormula.m in Sources */,
				CB3D088D1F2E0ACA006C51A0 /* AFNetworkReachabilityManager.m in Sources */,
				CBCA71651F309CDA00DCA449 /* YTInfoView.m in Sources */,
				CB3D08901F2E0ACA006C51A0 /* AFURLResponseSerialization.m in Sources */,
				CB3D08941F2E0ACA006C51A0 /* MASConstraintMaker.m in Sources */,
				CB3D08A31F2E0ACA006C51A0 /* SDWebImageDownloader.m in Sources */,
				CBBC04421F34D0DE00EE821B /* YTFoodDetailCell.m in Sources */,
				CB3D089B1F2E0ACA006C51A0 /* ViewController+MASAdditions.m in Sources */,
				CB3D089C1F2E0ACA006C51A0 /* MKAnnotationView+WebCache.m in Sources */,
				CB1A48131F371307007DD6FC /* YTCountView.m in Sources */,
				CB3D08971F2E0ACA006C51A0 /* MASViewConstraint.m in Sources */,
				CB07F7551F2F8BC700FF5AFC /* YTShopInfoController.m in Sources */,
				CB3D08AC1F2E0ACA006C51A0 /* UIImageView+WebCache.m in Sources */,
				CB3D08AE1F2E0ACA006C51A0 /* UIView+WebCacheOperation.m in Sources */,
				CB29BBC31F33EC1C00F01E3B /* YTShopOrderFoodCell.m in Sources */,
				CBCA71681F309D0D00DCA449 /* YTInfoLoopView.m in Sources */,
				CB354F3C1F33529A000229D1 /* YTShopOrderGategoryCell.m in Sources */,
				CB3D081C1F2DFD22006C51A0 /* main.m in Sources */,
				CBCA715E1F3082A000DCA449 /* UIImage+DashLine.m in Sources */,
				CB07F7481F2F86B900FF5AFC /* UIColor+Addition.m in Sources */,
				CBBB3DF11F328F73002AE536 /* YTShopDetailController.m in Sources */,
				CB1A480A1F370E46007DD6FC /* YTShopCar.m in Sources */,
				CB3D08961F2E0ACA006C51A0 /* MASViewAttribute.m in Sources */,
				CB3D08BC1F2E13CA006C51A0 /* YTBaseController.m in Sources */,
			);
			runOnlyForDeploymentPostprocessing = 0;
		};
/* End PBXSourcesBuildPhase section */

/* Begin PBXVariantGroup section */
		CB3D08281F2DFD22006C51A0 /* LaunchScreen.storyboard */ = {
			isa = PBXVariantGroup;
			children = (
				CB3D08291F2DFD22006C51A0 /* Base */,
			);
			name = LaunchScreen.storyboard;
			sourceTree = "<group>";
		};
/* End PBXVariantGroup section */

/* Begin XCBuildConfiguration section */
		CB3D082C1F2DFD22006C51A0 /* Debug */ = {
			isa = XCBuildConfiguration;
			buildSettings = {
				ALWAYS_SEARCH_USER_PATHS = NO;
				CLANG_ANALYZER_NONNULL = YES;
				CLANG_ANALYZER_NUMBER_OBJECT_CONVERSION = YES_AGGRESSIVE;
				CLANG_CXX_LANGUAGE_STANDARD = "gnu++0x";
				CLANG_CXX_LIBRARY = "libc++";
				CLANG_ENABLE_MODULES = YES;
				CLANG_ENABLE_OBJC_ARC = YES;
				CLANG_WARN_BOOL_CONVERSION = YES;
				CLANG_WARN_CONSTANT_CONVERSION = YES;
				CLANG_WARN_DIRECT_OBJC_ISA_USAGE = YES_ERROR;
				CLANG_WARN_DOCUMENTATION_COMMENTS = YES;
				CLANG_WARN_EMPTY_BODY = YES;
				CLANG_WARN_ENUM_CONVERSION = YES;
				CLANG_WARN_INFINITE_RECURSION = YES;
				CLANG_WARN_INT_CONVERSION = YES;
				CLANG_WARN_OBJC_ROOT_CLASS = YES_ERROR;
				CLANG_WARN_SUSPICIOUS_MOVE = YES;
				CLANG_WARN_UNREACHABLE_CODE = YES;
				CLANG_WARN__DUPLICATE_METHOD_MATCH = YES;
				"CODE_SIGN_IDENTITY[sdk=iphoneos*]" = "iPhone Developer";
				COPY_PHASE_STRIP = NO;
				DEBUG_INFORMATION_FORMAT = dwarf;
				ENABLE_STRICT_OBJC_MSGSEND = YES;
				ENABLE_TESTABILITY = YES;
				GCC_C_LANGUAGE_STANDARD = gnu99;
				GCC_DYNAMIC_NO_PIC = NO;
				GCC_NO_COMMON_BLOCKS = YES;
				GCC_OPTIMIZATION_LEVEL = 0;
				GCC_PREPROCESSOR_DEFINITIONS = (
					"DEBUG=1",
					"$(inherited)",
				);
				GCC_WARN_64_TO_32_BIT_CONVERSION = YES;
				GCC_WARN_ABOUT_RETURN_TYPE = YES_ERROR;
				GCC_WARN_UNDECLARED_SELECTOR = YES;
				GCC_WARN_UNINITIALIZED_AUTOS = YES_AGGRESSIVE;
				GCC_WARN_UNUSED_FUNCTION = YES;
				GCC_WARN_UNUSED_VARIABLE = YES;
				IPHONEOS_DEPLOYMENT_TARGET = 10.3;
				MTL_ENABLE_DEBUG_INFO = YES;
				ONLY_ACTIVE_ARCH = YES;
				SDKROOT = iphoneos;
			};
			name = Debug;
		};
		CB3D082D1F2DFD22006C51A0 /* Release */ = {
			isa = XCBuildConfiguration;
			buildSettings = {
				ALWAYS_SEARCH_USER_PATHS = NO;
				CLANG_ANALYZER_NONNULL = YES;
				CLANG_ANALYZER_NUMBER_OBJECT_CONVERSION = YES_AGGRESSIVE;
				CLANG_CXX_LANGUAGE_STANDARD = "gnu++0x";
				CLANG_CXX_LIBRARY = "libc++";
				CLANG_ENABLE_MODULES = YES;
				CLANG_ENABLE_OBJC_ARC = YES;
				CLANG_WARN_BOOL_CONVERSION = YES;
				CLANG_WARN_CONSTANT_CONVERSION = YES;
				CLANG_WARN_DIRECT_OBJC_ISA_USAGE = YES_ERROR;
				CLANG_WARN_DOCUMENTATION_COMMENTS = YES;
				CLANG_WARN_EMPTY_BODY = YES;
				CLANG_WARN_ENUM_CONVERSION = YES;
				CLANG_WARN_INFINITE_RECURSION = YES;
				CLANG_WARN_INT_CONVERSION = YES;
				CLANG_WARN_OBJC_ROOT_CLASS = YES_ERROR;
				CLANG_WARN_SUSPICIOUS_MOVE = YES;
				CLANG_WARN_UNREACHABLE_CODE = YES;
				CLANG_WARN__DUPLICATE_METHOD_MATCH = YES;
				"CODE_SIGN_IDENTITY[sdk=iphoneos*]" = "iPhone Developer";
				COPY_PHASE_STRIP = NO;
				DEBUG_INFORMATION_FORMAT = "dwarf-with-dsym";
				ENABLE_NS_ASSERTIONS = NO;
				ENABLE_STRICT_OBJC_MSGSEND = YES;
				GCC_C_LANGUAGE_STANDARD = gnu99;
				GCC_NO_COMMON_BLOCKS = YES;
				GCC_WARN_64_TO_32_BIT_CONVERSION = YES;
				GCC_WARN_ABOUT_RETURN_TYPE = YES_ERROR;
				GCC_WARN_UNDECLARED_SELECTOR = YES;
				GCC_WARN_UNINITIALIZED_AUTOS = YES_AGGRESSIVE;
				GCC_WARN_UNUSED_FUNCTION = YES;
				GCC_WARN_UNUSED_VARIABLE = YES;
				IPHONEOS_DEPLOYMENT_TARGET = 10.3;
				MTL_ENABLE_DEBUG_INFO = NO;
				SDKROOT = iphoneos;
				VALIDATE_PRODUCT = YES;
			};
			name = Release;
		};
		CB3D082F1F2DFD22006C51A0 /* Debug */ = {
			isa = XCBuildConfiguration;
			buildSettings = {
				ASSETCATALOG_COMPILER_APPICON_NAME = AppIcon;
				GCC_INCREASE_PRECOMPILED_HEADER_SHARING = NO;
				GCC_PRECOMPILE_PREFIX_HEADER = YES;
				GCC_PREFIX_HEADER = "$(SRCROOT)/meituan/YTMeiTuanPrefixHeader.pch";
				INFOPLIST_FILE = meituan/Info.plist;
				LD_RUNPATH_SEARCH_PATHS = "$(inherited) @executable_path/Frameworks";
				PRODUCT_BUNDLE_IDENTIFIER = com.ithema.ios.meituan;
				PRODUCT_NAME = "$(TARGET_NAME)";
			};
			name = Debug;
		};
		CB3D08301F2DFD22006C51A0 /* Release */ = {
			isa = XCBuildConfiguration;
			buildSettings = {
				ASSETCATALOG_COMPILER_APPICON_NAME = AppIcon;
				GCC_INCREASE_PRECOMPILED_HEADER_SHARING = NO;
				GCC_PRECOMPILE_PREFIX_HEADER = YES;
				GCC_PREFIX_HEADER = "$(SRCROOT)/meituan/YTMeiTuanPrefixHeader.pch";
				INFOPLIST_FILE = meituan/Info.plist;
				LD_RUNPATH_SEARCH_PATHS = "$(inherited) @executable_path/Frameworks";
				PRODUCT_BUNDLE_IDENTIFIER = com.ithema.ios.meituan;
				PRODUCT_NAME = "$(TARGET_NAME)";
			};
			name = Release;
		};
/* End XCBuildConfiguration section */

/* Begin XCConfigurationList section */
		CB3D08121F2DFD22006C51A0 /* Build configuration list for PBXProject "meituan" */ = {
			isa = XCConfigurationList;
			buildConfigurations = (
				CB3D082C1F2DFD22006C51A0 /* Debug */,
				CB3D082D1F2DFD22006C51A0 /* Release */,
			);
			defaultConfigurationIsVisible = 0;
			defaultConfigurationName = Release;
		};
		CB3D082E1F2DFD22006C51A0 /* Build configuration list for PBXNativeTarget "meituan" */ = {
			isa = XCConfigurationList;
			buildConfigurations = (
				CB3D082F1F2DFD22006C51A0 /* Debug */,
				CB3D08301F2DFD22006C51A0 /* Release */,
			);
			defaultConfigurationIsVisible = 0;
			defaultConfigurationName = Release;
		};
/* End XCConfigurationList section */
	};
	rootObject = CB3D080F1F2DFD22006C51A0 /* Project object */;
}
