// !$*UTF8*$!
{
	archiveVersion = 1;
	classes = {
	};
	objectVersion = 46;
	objects = {

/* Begin PBXBuildFile section */
		CB3D081C1F2DFD22006C51A0 /* main.m in Sources */ = {isa = PBXBuildFile; fileRef = CB3D081B1F2DFD22006C51A0 /* main.m */; };
		CB3D081F1F2DFD22006C51A0 /* AppDelegate.m in Sources */ = {isa = PBXBuildFile; fileRef = CB3D081E1F2DFD22006C51A0 /* AppDelegate.m */; };
		CB3D08221F2DFD22006C51A0 /* ViewController.m in Sources */ = {isa = PBXBuildFile; fileRef = CB3D08211F2DFD22006C51A0 /* ViewController.m */; };
		CB3D08251F2DFD22006C51A0 /* Main.storyboard in Resources */ = {isa = PBXBuildFile; fileRef = CB3D08231F2DFD22006C51A0 /* Main.storyboard */; };
		CB3D08271F2DFD22006C51A0 /* Assets.xcassets in Resources */ = {isa = PBXBuildFile; fileRef = CB3D08261F2DFD22006C51A0 /* Assets.xcassets */; };
		CB3D082A1F2DFD22006C51A0 /* LaunchScreen.storyboard in Resources */ = {isa = PBXBuildFile; fileRef = CB3D08281F2DFD22006C51A0 /* LaunchScreen.storyboard */; };
/* End PBXBuildFile section */

/* Begin PBXFileReference section */
		CB3D08171F2DFD22006C51A0 /* meituan.app */ = {isa = PBXFileReference; explicitFileType = wrapper.application; includeInIndex = 0; path = meituan.app; sourceTree = BUILT_PRODUCTS_DIR; };
		CB3D081B1F2DFD22006C51A0 /* main.m */ = {isa = PBXFileReference; lastKnownFileType = sourcecode.c.objc; path = main.m; sourceTree = "<group>"; };
		CB3D081D1F2DFD22006C51A0 /* AppDelegate.h */ = {isa = PBXFileReference; lastKnownFileType = sourcecode.c.h; path = AppDelegate.h; sourceTree = "<group>"; };
		CB3D081E1F2DFD22006C51A0 /* AppDelegate.m */ = {isa = PBXFileReference; lastKnownFileType = sourcecode.c.objc; path = AppDelegate.m; sourceTree = "<group>"; };
		CB3D08201F2DFD22006C51A0 /* ViewController.h */ = {isa = PBXFileReference; lastKnownFileType = sourcecode.c.h; path = ViewController.h; sourceTree = "<group>"; };
		CB3D08211F2DFD22006C51A0 /* ViewController.m */ = {isa = PBXFileReference; lastKnownFileType = sourcecode.c.objc; path = ViewController.m; sourceTree = "<group>"; };
		CB3D08241F2DFD22006C51A0 /* Base */ = {isa = PBXFileReference; lastKnownFileType = file.storyboard; name = Base; path = Base.lproj/Main.storyboard; sourceTree = "<group>"; };
		CB3D08261F2DFD22006C51A0 /* Assets.xcassets */ = {isa = PBXFileReference; lastKnownFileType = folder.assetcatalog; path = Assets.xcassets; sourceTree = "<group>"; };
		CB3D08291F2DFD22006C51A0 /* Base */ = {isa = PBXFileReference; lastKnownFileType = file.storyboard; name = Base; path = Base.lproj/LaunchScreen.storyboard; sourceTree = "<group>"; };
		CB3D082B1F2DFD22006C51A0 /* Info.plist */ = {isa = PBXFileReference; lastKnownFileType = text.plist.xml; path = Info.plist; sourceTree = "<group>"; };
/* End PBXFileReference section */

/* Begin PBXFrameworksBuildPhase section */
		CB3D08141F2DFD22006C51A0 /* Frameworks */ = {
			isa = PBXFrameworksBuildPhase;
			buildActionMask = 2147483647;
			files = (
			);
			runOnlyForDeploymentPostprocessing = 0;
		};
/* End PBXFrameworksBuildPhase section */

/* Begin PBXGroup section */
		CB3D080E1F2DFD22006C51A0 = {
			isa = PBXGroup;
			children = (
				CB3D08191F2DFD22006C51A0 /* meituan */,
				CB3D08181F2DFD22006C51A0 /* Products */,
			);
			sourceTree = "<group>";
		};
		CB3D08181F2DFD22006C51A0 /* Products */ = {
			isa = PBXGroup;
			children = (
				CB3D08171F2DFD22006C51A0 /* meituan.app */,
			);
			name = Products;
			sourceTree = "<group>";
		};
		CB3D08191F2DFD22006C51A0 /* meituan */ = {
			isa = PBXGroup;
			children = (
				CB3D081D1F2DFD22006C51A0 /* AppDelegate.h */,
				CB3D081E1F2DFD22006C51A0 /* AppDelegate.m */,
				CB3D08201F2DFD22006C51A0 /* ViewController.h */,
				CB3D08211F2DFD22006C51A0 /* ViewController.m */,
				CB3D08231F2DFD22006C51A0 /* Main.storyboard */,
				CB3D08261F2DFD22006C51A0 /* Assets.xcassets */,
				CB3D08281F2DFD22006C51A0 /* LaunchScreen.storyboard */,
				CB3D082B1F2DFD22006C51A0 /* Info.plist */,
				CB3D081A1F2DFD22006C51A0 /* Supporting Files */,
			);
			path = meituan;
			sourceTree = "<group>";
		};
		CB3D081A1F2DFD22006C51A0 /* Supporting Files */ = {
			isa = PBXGroup;
			children = (
				CB3D081B1F2DFD22006C51A0 /* main.m */,
			);
			name = "Supporting Files";
			sourceTree = "<group>";
		};
/* End PBXGroup section */

/* Begin PBXNativeTarget section */
		CB3D08161F2DFD22006C51A0 /* meituan */ = {
			isa = PBXNativeTarget;
			buildConfigurationList = CB3D082E1F2DFD22006C51A0 /* Build configuration list for PBXNativeTarget "meituan" */;
			buildPhases = (
				CB3D08131F2DFD22006C51A0 /* Sources */,
				CB3D08141F2DFD22006C51A0 /* Frameworks */,
				CB3D08151F2DFD22006C51A0 /* Resources */,
			);
			buildRules = (
			);
			dependencies = (
			);
			name = meituan;
			productName = meituan;
			productReference = CB3D08171F2DFD22006C51A0 /* meituan.app */;
			productType = "com.apple.product-type.application";
		};
/* End PBXNativeTarget section */

/* Begin PBXProject section */
		CB3D080F1F2DFD22006C51A0 /* Project object */ = {
			isa = PBXProject;
			attributes = {
				LastUpgradeCheck = 0830;
				ORGANIZATIONNAME = itcast;
				TargetAttributes = {
					CB3D08161F2DFD22006C51A0 = {
						CreatedOnToolsVersion = 8.3.3;
						ProvisioningStyle = Automatic;
					};
				};
			};
			buildConfigurationList = CB3D08121F2DFD22006C51A0 /* Build configuration list for PBXProject "meituan" */;
			compatibilityVersion = "Xcode 3.2";
			developmentRegion = English;
			hasScannedForEncodings = 0;
			knownRegions = (
				en,
				Base,
			);
			mainGroup = CB3D080E1F2DFD22006C51A0;
			productRefGroup = CB3D08181F2DFD22006C51A0 /* Products */;
			projectDirPath = "";
			projectRoot = "";
			targets = (
				CB3D08161F2DFD22006C51A0 /* meituan */,
			);
		};
/* End PBXProject section */

/* Begin PBXResourcesBuildPhase section */
		CB3D08151F2DFD22006C51A0 /* Resources */ = {
			isa = PBXResourcesBuildPhase;
			buildActionMask = 2147483647;
			files = (
				CB3D082A1F2DFD22006C51A0 /* LaunchScreen.storyboard in Resources */,
				CB3D08271F2DFD22006C51A0 /* Assets.xcassets in Resources */,
				CB3D08251F2DFD22006C51A0 /* Main.storyboard in Resources */,
			);
			runOnlyForDeploymentPostprocessing = 0;
		};
/* End PBXResourcesBuildPhase section */

/* Begin PBXSourcesBuildPhase section */
		CB3D08131F2DFD22006C51A0 /* Sources */ = {
			isa = PBXSourcesBuildPhase;
			buildActionMask = 2147483647;
			files = (
				CB3D08221F2DFD22006C51A0 /* ViewController.m in Sources */,
				CB3D081F1F2DFD22006C51A0 /* AppDelegate.m in Sources */,
				CB3D081C1F2DFD22006C51A0 /* main.m in Sources */,
			);
			runOnlyForDeploymentPostprocessing = 0;
		};
/* End PBXSourcesBuildPhase section */

/* Begin PBXVariantGroup section */
		CB3D08231F2DFD22006C51A0 /* Main.storyboard */ = {
			isa = PBXVariantGroup;
			children = (
				CB3D08241F2DFD22006C51A0 /* Base */,
			);
			name = Main.storyboard;
			sourceTree = "<group>";
		};
		CB3D08281F2DFD22006C51A0 /* LaunchScreen.storyboard */ = {
			isa = PBXVariantGroup;
			children = (
				CB3D08291F2DFD22006C51A0 /* Base */,
			);
			name = LaunchScreen.storyboard;
			sourceTree = "<group>";
		};
/* End PBXVariantGroup section */

/* Begin XCBuildConfiguration section */
		CB3D082C1F2DFD22006C51A0 /* Debug */ = {
			isa = XCBuildConfiguration;
			buildSettings = {
				ALWAYS_SEARCH_USER_PATHS = NO;
				CLANG_ANALYZER_NONNULL = YES;
				CLANG_ANALYZER_NUMBER_OBJECT_CONVERSION = YES_AGGRESSIVE;
				CLANG_CXX_LANGUAGE_STANDARD = "gnu++0x";
				CLANG_CXX_LIBRARY = "libc++";
				CLANG_ENABLE_MODULES = YES;
				CLANG_ENABLE_OBJC_ARC = YES;
				CLANG_WARN_BOOL_CONVERSION = YES;
				CLANG_WARN_CONSTANT_CONVERSION = YES;
				CLANG_WARN_DIRECT_OBJC_ISA_USAGE = YES_ERROR;
				CLANG_WARN_DOCUMENTATION_COMMENTS = YES;
				CLANG_WARN_EMPTY_BODY = YES;
				CLANG_WARN_ENUM_CONVERSION = YES;
				CLANG_WARN_INFINITE_RECURSION = YES;
				CLANG_WARN_INT_CONVERSION = YES;
				CLANG_WARN_OBJC_ROOT_CLASS = YES_ERROR;
				CLANG_WARN_SUSPICIOUS_MOVE = YES;
				CLANG_WARN_UNREACHABLE_CODE = YES;
				CLANG_WARN__DUPLICATE_METHOD_MATCH = YES;
				"CODE_SIGN_IDENTITY[sdk=iphoneos*]" = "iPhone Developer";
				COPY_PHASE_STRIP = NO;
				DEBUG_INFORMATION_FORMAT = dwarf;
				ENABLE_STRICT_OBJC_MSGSEND = YES;
				ENABLE_TESTABILITY = YES;
				GCC_C_LANGUAGE_STANDARD = gnu99;
				GCC_DYNAMIC_NO_PIC = NO;
				GCC_NO_COMMON_BLOCKS = YES;
				GCC_OPTIMIZATION_LEVEL = 0;
				GCC_PREPROCESSOR_DEFINITIONS = (
					"DEBUG=1",
					"$(inherited)",
				);
				GCC_WARN_64_TO_32_BIT_CONVERSION = YES;
				GCC_WARN_ABOUT_RETURN_TYPE = YES_ERROR;
				GCC_WARN_UNDECLARED_SELECTOR = YES;
				GCC_WARN_UNINITIALIZED_AUTOS = YES_AGGRESSIVE;
				GCC_WARN_UNUSED_FUNCTION = YES;
				GCC_WARN_UNUSED_VARIABLE = YES;
				IPHONEOS_DEPLOYMENT_TARGET = 10.3;
				MTL_ENABLE_DEBUG_INFO = YES;
				ONLY_ACTIVE_ARCH = YES;
				SDKROOT = iphoneos;
			};
			name = Debug;
		};
		CB3D082D1F2DFD22006C51A0 /* Release */ = {
			isa = XCBuildConfiguration;
			buildSettings = {
				ALWAYS_SEARCH_USER_PATHS = NO;
				CLANG_ANALYZER_NONNULL = YES;
				CLANG_ANALYZER_NUMBER_OBJECT_CONVERSION = YES_AGGRESSIVE;
				CLANG_CXX_LANGUAGE_STANDARD = "gnu++0x";
				CLANG_CXX_LIBRARY = "libc++";
				CLANG_ENABLE_MODULES = YES;
				CLANG_ENABLE_OBJC_ARC = YES;
				CLANG_WARN_BOOL_CONVERSION = YES;
				CLANG_WARN_CONSTANT_CONVERSION = YES;
				CLANG_WARN_DIRECT_OBJC_ISA_USAGE = YES_ERROR;
				CLANG_WARN_DOCUMENTATION_COMMENTS = YES;
				CLANG_WARN_EMPTY_BODY = YES;
				CLANG_WARN_ENUM_CONVERSION = YES;
				CLANG_WARN_INFINITE_RECURSION = YES;
				CLANG_WARN_INT_CONVERSION = YES;
				CLANG_WARN_OBJC_ROOT_CLASS = YES_ERROR;
				CLANG_WARN_SUSPICIOUS_MOVE = YES;
				CLANG_WARN_UNREACHABLE_CODE = YES;
				CLANG_WARN__DUPLICATE_METHOD_MATCH = YES;
				"CODE_SIGN_IDENTITY[sdk=iphoneos*]" = "iPhone Developer";
				COPY_PHASE_STRIP = NO;
				DEBUG_INFORMATION_FORMAT = "dwarf-with-dsym";
				ENABLE_NS_ASSERTIONS = NO;
				ENABLE_STRICT_OBJC_MSGSEND = YES;
				GCC_C_LANGUAGE_STANDARD = gnu99;
				GCC_NO_COMMON_BLOCKS = YES;
				GCC_WARN_64_TO_32_BIT_CONVERSION = YES;
				GCC_WARN_ABOUT_RETURN_TYPE = YES_ERROR;
				GCC_WARN_UNDECLARED_SELECTOR = YES;
				GCC_WARN_UNINITIALIZED_AUTOS = YES_AGGRESSIVE;
				GCC_WARN_UNUSED_FUNCTION = YES;
				GCC_WARN_UNUSED_VARIABLE = YES;
				IPHONEOS_DEPLOYMENT_TARGET = 10.3;
				MTL_ENABLE_DEBUG_INFO = NO;
				SDKROOT = iphoneos;
				VALIDATE_PRODUCT = YES;
			};
			name = Release;
		};
		CB3D082F1F2DFD22006C51A0 /* Debug */ = {
			isa = XCBuildConfiguration;
			buildSettings = {
				ASSETCATALOG_COMPILER_APPICON_NAME = AppIcon;
				INFOPLIST_FILE = meituan/Info.plist;
				LD_RUNPATH_SEARCH_PATHS = "$(inherited) @executable_path/Frameworks";
				PRODUCT_BUNDLE_IDENTIFIER = com.ithema.ios.meituan;
				PRODUCT_NAME = "$(TARGET_NAME)";
			};
			name = Debug;
		};
		CB3D08301F2DFD22006C51A0 /* Release */ = {
			isa = XCBuildConfiguration;
			buildSettings = {
				ASSETCATALOG_COMPILER_APPICON_NAME = AppIcon;
				INFOPLIST_FILE = meituan/Info.plist;
				LD_RUNPATH_SEARCH_PATHS = "$(inherited) @executable_path/Frameworks";
				PRODUCT_BUNDLE_IDENTIFIER = com.ithema.ios.meituan;
				PRODUCT_NAME = "$(TARGET_NAME)";
			};
			name = Release;
		};
/* End XCBuildConfiguration section */

/* Begin XCConfigurationList section */
		CB3D08121F2DFD22006C51A0 /* Build configuration list for PBXProject "meituan" */ = {
			isa = XCConfigurationList;
			buildConfigurations = (
				CB3D082C1F2DFD22006C51A0 /* Debug */,
				CB3D082D1F2DFD22006C51A0 /* Release */,
			);
			defaultConfigurationIsVisible = 0;
			defaultConfigurationName = Release;
		};
		CB3D082E1F2DFD22006C51A0 /* Build configuration list for PBXNativeTarget "meituan" */ = {
			isa = XCConfigurationList;
			buildConfigurations = (
				CB3D082F1F2DFD22006C51A0 /* Debug */,
				CB3D08301F2DFD22006C51A0 /* Release */,
			);
			defaultConfigurationIsVisible = 0;
		};
/* End XCConfigurationList section */
	};
	rootObject = CB3D080F1F2DFD22006C51A0 /* Project object */;
}
